// !$*UTF8*$!
{
	archiveVersion = 1;
	classes = {
	};
	objectVersion = 48;
	objects = {

/* Begin PBXBuildFile section */
		32D34593207CD1B8003CFC7B /* AppDelegate.swift in Sources */ = {isa = PBXBuildFile; fileRef = 32D34592207CD1B8003CFC7B /* AppDelegate.swift */; };
		32D34595207CD1B8003CFC7B /* ViewController.swift in Sources */ = {isa = PBXBuildFile; fileRef = 32D34594207CD1B8003CFC7B /* ViewController.swift */; };
		32D34598207CD1B8003CFC7B /* Main.storyboard in Resources */ = {isa = PBXBuildFile; fileRef = 32D34596207CD1B8003CFC7B /* Main.storyboard */; };
		32D3459A207CD1B8003CFC7B /* Assets.xcassets in Resources */ = {isa = PBXBuildFile; fileRef = 32D34599207CD1B8003CFC7B /* Assets.xcassets */; };
		32D3459D207CD1B9003CFC7B /* LaunchScreen.storyboard in Resources */ = {isa = PBXBuildFile; fileRef = 32D3459B207CD1B9003CFC7B /* LaunchScreen.storyboard */; };
/* End PBXBuildFile section */

/* Begin PBXFileReference section */
		32D3458F207CD1B8003CFC7B /* Finals.app */ = {isa = PBXFileReference; explicitFileType = wrapper.application; includeInIndex = 0; path = Finals.app; sourceTree = BUILT_PRODUCTS_DIR; };
		32D34592207CD1B8003CFC7B /* AppDelegate.swift */ = {isa = PBXFileReference; lastKnownFileType = sourcecode.swift; path = AppDelegate.swift; sourceTree = "<group>"; };
		32D34594207CD1B8003CFC7B /* ViewController.swift */ = {isa = PBXFileReference; lastKnownFileType = sourcecode.swift; path = ViewController.swift; sourceTree = "<group>"; };
		32D34597207CD1B8003CFC7B /* Base */ = {isa = PBXFileReference; lastKnownFileType = file.storyboard; name = Base; path = Base.lproj/Main.storyboard; sourceTree = "<group>"; };
		32D34599207CD1B8003CFC7B /* Assets.xcassets */ = {isa = PBXFileReference; lastKnownFileType = folder.assetcatalog; path = Assets.xcassets; sourceTree = "<group>"; };
		32D3459C207CD1B9003CFC7B /* Base */ = {isa = PBXFileReference; lastKnownFileType = file.storyboard; name = Base; path = Base.lproj/LaunchScreen.storyboard; sourceTree = "<group>"; };
		32D3459E207CD1B9003CFC7B /* Info.plist */ = {isa = PBXFileReference; lastKnownFileType = text.plist.xml; path = Info.plist; sourceTree = "<group>"; };
/* End PBXFileReference section */

/* Begin PBXFrameworksBuildPhase section */
		32D3458C207CD1B8003CFC7B /* Frameworks */ = {
			isa = PBXFrameworksBuildPhase;
			buildActionMask = 2147483647;
			files = (
			);
			runOnlyForDeploymentPostprocessing = 0;
		};
/* End PBXFrameworksBuildPhase section */

/* Begin PBXGroup section */
		32D34586207CD1B8003CFC7B = {
			isa = PBXGroup;
			children = (
				32D34591207CD1B8003CFC7B /* Finals */,
				32D34590207CD1B8003CFC7B /* Products */,
			);
			sourceTree = "<group>";
		};
		32D34590207CD1B8003CFC7B /* Products */ = {
			isa = PBXGroup;
			children = (
				32D3458F207CD1B8003CFC7B /* Finals.app */,
			);
			name = Products;
			sourceTree = "<group>";
		};
		32D34591207CD1B8003CFC7B /* Finals */ = {
			isa = PBXGroup;
			children = (
				32D34592207CD1B8003CFC7B /* AppDelegate.swift */,
				32D34594207CD1B8003CFC7B /* ViewController.swift */,
				32D34596207CD1B8003CFC7B /* Main.storyboard */,
				32D34599207CD1B8003CFC7B /* Assets.xcassets */,
				32D3459B207CD1B9003CFC7B /* LaunchScreen.storyboard */,
				32D3459E207CD1B9003CFC7B /* Info.plist */,
			);
			path = Finals;
			sourceTree = "<group>";
		};
/* End PBXGroup section */

/* Begin PBXNativeTarget section */
		32D3458E207CD1B8003CFC7B /* Finals */ = {
			isa = PBXNativeTarget;
			buildConfigurationList = 32D345A1207CD1B9003CFC7B /* Build configuration list for PBXNativeTarget "Finals" */;
			buildPhases = (
				32D3458B207CD1B8003CFC7B /* Sources */,
				32D3458C207CD1B8003CFC7B /* Frameworks */,
				32D3458D207CD1B8003CFC7B /* Resources */,
			);
			buildRules = (
			);
			dependencies = (
			);
			name = Finals;
			productName = Finals;
			productReference = 32D3458F207CD1B8003CFC7B /* Finals.app */;
			productType = "com.apple.product-type.application";
		};
/* End PBXNativeTarget section */

/* Begin PBXProject section */
		32D34587207CD1B8003CFC7B /* Project object */ = {
			isa = PBXProject;
			attributes = {
				LastSwiftUpdateCheck = 0920;
				LastUpgradeCheck = 0920;
				ORGANIZATIONNAME = tamara;
				TargetAttributes = {
					32D3458E207CD1B8003CFC7B = {
						CreatedOnToolsVersion = 9.2;
						ProvisioningStyle = Automatic;
					};
				};
			};
			buildConfigurationList = 32D3458A207CD1B8003CFC7B /* Build configuration list for PBXProject "Finals" */;
			compatibilityVersion = "Xcode 8.0";
			developmentRegion = en;
			hasScannedForEncodings = 0;
			knownRegions = (
				en,
				Base,
			);
			mainGroup = 32D34586207CD1B8003CFC7B;
			productRefGroup = 32D34590207CD1B8003CFC7B /* Products */;
			projectDirPath = "";
			projectRoot = "";
			targets = (
				32D3458E207CD1B8003CFC7B /* Finals */,
			);
		};
/* End PBXProject section */

/* Begin PBXResourcesBuildPhase section */
		32D3458D207CD1B8003CFC7B /* Resources */ = {
			isa = PBXResourcesBuildPhase;
			buildActionMask = 2147483647;
			files = (
				32D3459D207CD1B9003CFC7B /* LaunchScreen.storyboard in Resources */,
				32D3459A207CD1B8003CFC7B /* Assets.xcassets in Resources */,
				32D34598207CD1B8003CFC7B /* Main.storyboard in Resources */,
			);
			runOnlyForDeploymentPostprocessing = 0;
		};
/* End PBXResourcesBuildPhase section */

/* Begin PBXSourcesBuildPhase section */
		32D3458B207CD1B8003CFC7B /* Sources */ = {
			isa = PBXSourcesBuildPhase;
			buildActionMask = 2147483647;
			files = (
				32D34595207CD1B8003CFC7B /* ViewController.swift in Sources */,
				32D34593207CD1B8003CFC7B /* AppDelegate.swift in Sources */,
			);
			runOnlyForDeploymentPostprocessing = 0;
		};
/* End PBXSourcesBuildPhase section */

/* Begin PBXVariantGroup section */
		32D34596207CD1B8003CFC7B /* Main.storyboard */ = {
			isa = PBXVariantGroup;
			children = (
				32D34597207CD1B8003CFC7B /* Base */,
			);
			name = Main.storyboard;
			sourceTree = "<group>";
		};
		32D3459B207CD1B9003CFC7B /* LaunchScreen.storyboard */ = {
			isa = PBXVariantGroup;
			children = (
				32D3459C207CD1B9003CFC7B /* Base */,
			);
			name = LaunchScreen.storyboard;
			sourceTree = "<group>";
		};
/* End PBXVariantGroup section */

/* Begin XCBuildConfiguration section */
		32D3459F207CD1B9003CFC7B /* Debug */ = {
			isa = XCBuildConfiguration;
			buildSettings = {
				ALWAYS_SEARCH_USER_PATHS = NO;
				CLANG_ANALYZER_NONNULL = YES;
				CLANG_ANALYZER_NUMBER_OBJECT_CONVERSION = YES_AGGRESSIVE;
				CLANG_CXX_LANGUAGE_STANDARD = "gnu++14";
				CLANG_CXX_LIBRARY = "libc++";
				CLANG_ENABLE_MODULES = YES;
				CLANG_ENABLE_OBJC_ARC = YES;
				CLANG_WARN_BLOCK_CAPTURE_AUTORELEASING = YES;
				CLANG_WARN_BOOL_CONVERSION = YES;
				CLANG_WARN_COMMA = YES;
				CLANG_WARN_CONSTANT_CONVERSION = YES;
				CLANG_WARN_DIRECT_OBJC_ISA_USAGE = YES_ERROR;
				CLANG_WARN_DOCUMENTATION_COMMENTS = YES;
				CLANG_WARN_EMPTY_BODY = YES;
				CLANG_WARN_ENUM_CONVERSION = YES;
				CLANG_WARN_INFINITE_RECURSION = YES;
				CLANG_WARN_INT_CONVERSION = YES;
				CLANG_WARN_NON_LITERAL_NULL_CONVERSION = YES;
				CLANG_WARN_OBJC_LITERAL_CONVERSION = YES;
				CLANG_WARN_OBJC_ROOT_CLASS = YES_ERROR;
				CLANG_WARN_RANGE_LOOP_ANALYSIS = YES;
				CLANG_WARN_STRICT_PROTOTYPES = YES;
				CLANG_WARN_SUSPICIOUS_MOVE = YES;
				CLANG_WARN_UNGUARDED_AVAILABILITY = YES_AGGRESSIVE;
				CLANG_WARN_UNREACHABLE_CODE = YES;
				CLANG_WARN__DUPLICATE_METHOD_MATCH = YES;
				CODE_SIGN_IDENTITY = "iPhone Developer";
				COPY_PHASE_STRIP = NO;
				DEBUG_INFORMATION_FORMAT = dwarf;
				ENABLE_STRICT_OBJC_MSGSEND = YES;
				ENABLE_TESTABILITY = YES;
				GCC_C_LANGUAGE_STANDARD = gnu11;
				GCC_DYNAMIC_NO_PIC = NO;
				GCC_NO_COMMON_BLOCKS = YES;
				GCC_OPTIMIZATION_LEVEL = 0;
				GCC_PREPROCESSOR_DEFINITIONS = (
					"DEBUG=1",
					"$(inherited)",
				);
				GCC_WARN_64_TO_32_BIT_CONVERSION = YES;
				GCC_WARN_ABOUT_RETURN_TYPE = YES_ERROR;
				GCC_WARN_UNDECLARED_SELECTOR = YES;
				GCC_WARN_UNINITIALIZED_AUTOS = YES_AGGRESSIVE;
				GCC_WARN_UNUSED_FUNCTION = YES;
				GCC_WARN_UNUSED_VARIABLE = YES;
				IPHONEOS_DEPLOYMENT_TARGET = 11.2;
				MTL_ENABLE_DEBUG_INFO = YES;
				ONLY_ACTIVE_ARCH = YES;
				SDKROOT = iphoneos;
				SWIFT_ACTIVE_COMPILATION_CONDITIONS = DEBUG;
				SWIFT_OPTIMIZATION_LEVEL = "-Onone";
			};
			name = Debug;
		};
		32D345A0207CD1B9003CFC7B /* Release */ = {
			isa = XCBuildConfiguration;
			buildSettings = {
				ALWAYS_SEARCH_USER_PATHS = NO;
				CLANG_ANALYZER_NONNULL = YES;
				CLANG_ANALYZER_NUMBER_OBJECT_CONVERSION = YES_AGGRESSIVE;
				CLANG_CXX_LANGUAGE_STANDARD = "gnu++14";
				CLANG_CXX_LIBRARY = "libc++";
				CLANG_ENABLE_MODULES = YES;
				CLANG_ENABLE_OBJC_ARC = YES;
				CLANG_WARN_BLOCK_CAPTURE_AUTORELEASING = YES;
				CLANG_WARN_BOOL_CONVERSION = YES;
				CLANG_WARN_COMMA = YES;
				CLANG_WARN_CONSTANT_CONVERSION = YES;
				CLANG_WARN_DIRECT_OBJC_ISA_USAGE = YES_ERROR;
				CLANG_WARN_DOCUMENTATION_COMMENTS = YES;
				CLANG_WARN_EMPTY_BODY = YES;
				CLANG_WARN_ENUM_CONVERSION = YES;
				CLANG_WARN_INFINITE_RECURSION = YES;
				CLANG_WARN_INT_CONVERSION = YES;
				CLANG_WARN_NON_LITERAL_NULL_CONVERSION = YES;
				CLANG_WARN_OBJC_LITERAL_CONVERSION = YES;
				CLANG_WARN_OBJC_ROOT_CLASS = YES_ERROR;
				CLANG_WARN_RANGE_LOOP_ANALYSIS = YES;
				CLANG_WARN_STRICT_PROTOTYPES = YES;
				CLANG_WARN_SUSPICIOUS_MOVE = YES;
				CLANG_WARN_UNGUARDED_AVAILABILITY = YES_AGGRESSIVE;
				CLANG_WARN_UNREACHABLE_CODE = YES;
				CLANG_WARN__DUPLICATE_METHOD_MATCH = YES;
				CODE_SIGN_IDENTITY = "iPhone Developer";
				COPY_PHASE_STRIP = NO;
				DEBUG_INFORMATION_FORMAT = "dwarf-with-dsym";
				ENABLE_NS_ASSERTIONS = NO;
				ENABLE_STRICT_OBJC_MSGSEND = YES;
				GCC_C_LANGUAGE_STANDARD = gnu11;
				GCC_NO_COMMON_BLOCKS = YES;
				GCC_WARN_64_TO_32_BIT_CONVERSION = YES;
				GCC_WARN_ABOUT_RETURN_TYPE = YES_ERROR;
				GCC_WARN_UNDECLARED_SELECTOR = YES;
				GCC_WARN_UNINITIALIZED_AUTOS = YES_AGGRESSIVE;
				GCC_WARN_UNUSED_FUNCTION = YES;
				GCC_WARN_UNUSED_VARIABLE = YES;
				IPHONEOS_DEPLOYMENT_TARGET = 11.2;
				MTL_ENABLE_DEBUG_INFO = NO;
				SDKROOT = iphoneos;
				SWIFT_OPTIMIZATION_LEVEL = "-Owholemodule";
				VALIDATE_PRODUCT = YES;
			};
			name = Release;
		};
		32D345A2207CD1B9003CFC7B /* Debug */ = {
			isa = XCBuildConfiguration;
			buildSettings = {
				ASSETCATALOG_COMPILER_APPICON_NAME = AppIcon;
				CODE_SIGN_STYLE = Automatic;
				DEVELOPMENT_TEAM = VUF6AAECQH;
				INFOPLIST_FILE = Finals/Info.plist;
				LD_RUNPATH_SEARCH_PATHS = "$(inherited) @executable_path/Frameworks";
				PRODUCT_BUNDLE_IDENTIFIER = com.tamara.Finals;
				PRODUCT_NAME = "$(TARGET_NAME)";
				SWIFT_VERSION = 4.0;
				TARGETED_DEVICE_FAMILY = "1,2";
			};
			name = Debug;
		};
		32D345A3207CD1B9003CFC7B /* Release */ = {
			isa = XCBuildConfiguration;
			buildSettings = {
				ASSETCATALOG_COMPILER_APPICON_NAME = AppIcon;
				CODE_SIGN_STYLE = Automatic;
				DEVELOPMENT_TEAM = VUF6AAECQH;
				INFOPLIST_FILE = Finals/Info.plist;
				LD_RUNPATH_SEARCH_PATHS = "$(inherited) @executable_path/Frameworks";
				PRODUCT_BUNDLE_IDENTIFIER = com.tamara.Finals;
				PRODUCT_NAME = "$(TARGET_NAME)";
				SWIFT_VERSION = 4.0;
				TARGETED_DEVICE_FAMILY = "1,2";
			};
			name = Release;
		};
/* End XCBuildConfiguration section */

/* Begin XCConfigurationList section */
		32D3458A207CD1B8003CFC7B /* Build configuration list for PBXProject "Finals" */ = {
			isa = XCConfigurationList;
			buildConfigurations = (
				32D3459F207CD1B9003CFC7B /* Debug */,
				32D345A0207CD1B9003CFC7B /* Release */,
			);
			defaultConfigurationIsVisible = 0;
			defaultConfigurationName = Release;
		};
		32D345A1207CD1B9003CFC7B /* Build configuration list for PBXNativeTarget "Finals" */ = {
			isa = XCConfigurationList;
			buildConfigurations = (
				32D345A2207CD1B9003CFC7B /* Debug */,
				32D345A3207CD1B9003CFC7B /* Release */,
			);
			defaultConfigurationIsVisible = 0;
			defaultConfigurationName = Release;
		};
/* End XCConfigurationList section */
	};
	rootObject = 32D34587207CD1B8003CFC7B /* Project object */;
}
