// !$*UTF8*$!
{
	archiveVersion = 1;
	classes = {
	};
	objectVersion = 48;
	objects = {

/* Begin PBXBuildFile section */
		3202456020C8833C006646BB /* UserStorage.swift in Sources */ = {isa = PBXBuildFile; fileRef = 3202455F20C8833C006646BB /* UserStorage.swift */; };
		3202456220C88800006646BB /* UserLoginData.swift in Sources */ = {isa = PBXBuildFile; fileRef = 3202456120C88800006646BB /* UserLoginData.swift */; };
		321D26E02098C42B0089B2E0 /* LoginViewModel.swift in Sources */ = {isa = PBXBuildFile; fileRef = 321D26DF2098C42B0089B2E0 /* LoginViewModel.swift */; };
		321D26E22098C4380089B2E0 /* LoginViewController.swift in Sources */ = {isa = PBXBuildFile; fileRef = 321D26E12098C4380089B2E0 /* LoginViewController.swift */; };
		321D26E42098C4440089B2E0 /* LoginPresenter.swift in Sources */ = {isa = PBXBuildFile; fileRef = 321D26E32098C4440089B2E0 /* LoginPresenter.swift */; };
		321D26EA2098C4D00089B2E0 /* MainViewModel.swift in Sources */ = {isa = PBXBuildFile; fileRef = 321D26E92098C4D00089B2E0 /* MainViewModel.swift */; };
		321D26EC2098C4DD0089B2E0 /* MainViewController.swift in Sources */ = {isa = PBXBuildFile; fileRef = 321D26EB2098C4DD0089B2E0 /* MainViewController.swift */; };
		321D26EE2098C4E80089B2E0 /* MainPresenter.swift in Sources */ = {isa = PBXBuildFile; fileRef = 321D26ED2098C4E80089B2E0 /* MainPresenter.swift */; };
		321D26F32098C53F0089B2E0 /* LearnListViewModel.swift in Sources */ = {isa = PBXBuildFile; fileRef = 321D26F22098C53F0089B2E0 /* LearnListViewModel.swift */; };
		321D26F52098C54C0089B2E0 /* LearnListViewController.swift in Sources */ = {isa = PBXBuildFile; fileRef = 321D26F42098C54C0089B2E0 /* LearnListViewController.swift */; };
		321D26F72098C5570089B2E0 /* LearnListPresenter.swift in Sources */ = {isa = PBXBuildFile; fileRef = 321D26F62098C5570089B2E0 /* LearnListPresenter.swift */; };
		321D26F92098C5700089B2E0 /* LearnSingleViewModel.swift in Sources */ = {isa = PBXBuildFile; fileRef = 321D26F82098C5700089B2E0 /* LearnSingleViewModel.swift */; };
		321D26FB2098C57D0089B2E0 /* LearnSingleViewController.swift in Sources */ = {isa = PBXBuildFile; fileRef = 321D26FA2098C57D0089B2E0 /* LearnSingleViewController.swift */; };
		321D26FD2098C5960089B2E0 /* LearnSinglePresenter.swift in Sources */ = {isa = PBXBuildFile; fileRef = 321D26FC2098C5960089B2E0 /* LearnSinglePresenter.swift */; };
		321D26FF2098C6430089B2E0 /* Main.storyboard in Resources */ = {isa = PBXBuildFile; fileRef = 321D26FE2098C6430089B2E0 /* Main.storyboard */; };
		3229148620C13237001EEC8B /* Medals.storyboard in Resources */ = {isa = PBXBuildFile; fileRef = 3229148520C13237001EEC8B /* Medals.storyboard */; };
		3229148920C13408001EEC8B /* MedalsViewController.swift in Sources */ = {isa = PBXBuildFile; fileRef = 3229148820C13408001EEC8B /* MedalsViewController.swift */; };
		3229148B20C13415001EEC8B /* MedalsViewModel.swift in Sources */ = {isa = PBXBuildFile; fileRef = 3229148A20C13415001EEC8B /* MedalsViewModel.swift */; };
		3229148D20C13420001EEC8B /* MedalsPresenter.swift in Sources */ = {isa = PBXBuildFile; fileRef = 3229148C20C13420001EEC8B /* MedalsPresenter.swift */; };
		3229149020C141FF001EEC8B /* MedalsPopoverViewController.swift in Sources */ = {isa = PBXBuildFile; fileRef = 3229148F20C141FF001EEC8B /* MedalsPopoverViewController.swift */; };
		3229149320C179FB001EEC8B /* CategoryCell.swift in Sources */ = {isa = PBXBuildFile; fileRef = 3229149120C179FB001EEC8B /* CategoryCell.swift */; };
		3229149420C179FB001EEC8B /* CategoryCell.xib in Resources */ = {isa = PBXBuildFile; fileRef = 3229149220C179FB001EEC8B /* CategoryCell.xib */; };
		3229149620C185D4001EEC8B /* Question.storyboard in Resources */ = {isa = PBXBuildFile; fileRef = 3229149520C185D4001EEC8B /* Question.storyboard */; };
		32505ADA20C96FB20030CB6C /* ChallengeViewModel.swift in Sources */ = {isa = PBXBuildFile; fileRef = 32505AD920C96FB20030CB6C /* ChallengeViewModel.swift */; };
		32505ADC20C96FBE0030CB6C /* ChallengeViewController.swift in Sources */ = {isa = PBXBuildFile; fileRef = 32505ADB20C96FBE0030CB6C /* ChallengeViewController.swift */; };
		32505ADE20C96FC90030CB6C /* ChallengePresenter.swift in Sources */ = {isa = PBXBuildFile; fileRef = 32505ADD20C96FC90030CB6C /* ChallengePresenter.swift */; };
		32505AE220C971080030CB6C /* LevelCell.swift in Sources */ = {isa = PBXBuildFile; fileRef = 32505AE020C971080030CB6C /* LevelCell.swift */; };
		32505AE320C971080030CB6C /* LevelCell.xib in Resources */ = {isa = PBXBuildFile; fileRef = 32505AE120C971080030CB6C /* LevelCell.xib */; };
		32505AE720C994360030CB6C /* TopListCell.swift in Sources */ = {isa = PBXBuildFile; fileRef = 32505AE520C994360030CB6C /* TopListCell.swift */; };
		32505AE820C994360030CB6C /* TopListCell.xib in Resources */ = {isa = PBXBuildFile; fileRef = 32505AE620C994360030CB6C /* TopListCell.xib */; };
		3253C99120C7E609003E71AE /* TopListViewModel.swift in Sources */ = {isa = PBXBuildFile; fileRef = 3253C99020C7E609003E71AE /* TopListViewModel.swift */; };
		3253C99320C7E619003E71AE /* TopListViewController.swift in Sources */ = {isa = PBXBuildFile; fileRef = 3253C99220C7E619003E71AE /* TopListViewController.swift */; };
		3253C99520C7E625003E71AE /* TopListPresenter.swift in Sources */ = {isa = PBXBuildFile; fileRef = 3253C99420C7E625003E71AE /* TopListPresenter.swift */; };
		3253C99820C7EC3B003E71AE /* StatisticsViewModel.swift in Sources */ = {isa = PBXBuildFile; fileRef = 3253C99720C7EC3B003E71AE /* StatisticsViewModel.swift */; };
		3253C99A20C7EC4B003E71AE /* StatisticsViewController.swift in Sources */ = {isa = PBXBuildFile; fileRef = 3253C99920C7EC4B003E71AE /* StatisticsViewController.swift */; };
		3253C99C20C7EC59003E71AE /* StatisticsPresenter.swift in Sources */ = {isa = PBXBuildFile; fileRef = 3253C99B20C7EC59003E71AE /* StatisticsPresenter.swift */; };
		3253C99E20C8251D003E71AE /* FinalsRouter.swift in Sources */ = {isa = PBXBuildFile; fileRef = 3253C99D20C8251D003E71AE /* FinalsRouter.swift */; };
		327E3F9A20BEBA01006ABE32 /* Categories.storyboard in Resources */ = {isa = PBXBuildFile; fileRef = 327E3F9920BEBA01006ABE32 /* Categories.storyboard */; };
		327E3F9E20BEBDC2006ABE32 /* ProfileViewModel.swift in Sources */ = {isa = PBXBuildFile; fileRef = 327E3F9D20BEBDC2006ABE32 /* ProfileViewModel.swift */; };
		327E3FA020BEBDCE006ABE32 /* ProfileViewController.swift in Sources */ = {isa = PBXBuildFile; fileRef = 327E3F9F20BEBDCE006ABE32 /* ProfileViewController.swift */; };
		327E3FA220BEBDD9006ABE32 /* ProfilePresenter.swift in Sources */ = {isa = PBXBuildFile; fileRef = 327E3FA120BEBDD9006ABE32 /* ProfilePresenter.swift */; };
		32812193207CF1CC00FF4A23 /* AlamofireNetworking.swift in Sources */ = {isa = PBXBuildFile; fileRef = 32812192207CF1CC00FF4A23 /* AlamofireNetworking.swift */; };
		3294175020BC54C80050A497 /* MainScreen.storyboard in Resources */ = {isa = PBXBuildFile; fileRef = 3294174F20BC54C80050A497 /* MainScreen.storyboard */; };
		3294A4A820CAB1800008204F /* TopList.storyboard in Resources */ = {isa = PBXBuildFile; fileRef = 3294A4A720CAB1800008204F /* TopList.storyboard */; };
		3294A4AB20CAB1ED0008204F /* TopListSingleViewController.swift in Sources */ = {isa = PBXBuildFile; fileRef = 3294A4AA20CAB1ED0008204F /* TopListSingleViewController.swift */; };
		3294A4AD20CAB1FC0008204F /* TopListSingleViewModel.swift in Sources */ = {isa = PBXBuildFile; fileRef = 3294A4AC20CAB1FC0008204F /* TopListSingleViewModel.swift */; };
		3294A4AF20CAB2130008204F /* TopListSinglePresenter.swift in Sources */ = {isa = PBXBuildFile; fileRef = 3294A4AE20CAB2130008204F /* TopListSinglePresenter.swift */; };
		329F002520AB36390018466D /* TPKeyboardAvoidingScrollView.m in Sources */ = {isa = PBXBuildFile; fileRef = 329F002420AB36380018466D /* TPKeyboardAvoidingScrollView.m */; };
		329F002820AB391D0018466D /* UIScrollView+TPKeyboardAvoidingAdditions.m in Sources */ = {isa = PBXBuildFile; fileRef = 329F002720AB391D0018466D /* UIScrollView+TPKeyboardAvoidingAdditions.m */; };
		32A2B0A420C534DA00FD6736 /* RMUser.swift in Sources */ = {isa = PBXBuildFile; fileRef = 32A2B0A320C534DA00FD6736 /* RMUser.swift */; };
		32A2B0A620C5350100FD6736 /* RMCategory.swift in Sources */ = {isa = PBXBuildFile; fileRef = 32A2B0A520C5350100FD6736 /* RMCategory.swift */; };
		32A2B0A820C5351000FD6736 /* RMLevel.swift in Sources */ = {isa = PBXBuildFile; fileRef = 32A2B0A720C5351000FD6736 /* RMLevel.swift */; };
		32A2B0AA20C5351A00FD6736 /* RMQuestion.swift in Sources */ = {isa = PBXBuildFile; fileRef = 32A2B0A920C5351A00FD6736 /* RMQuestion.swift */; };
		32A2B0AC20C5352700FD6736 /* RMAnswer.swift in Sources */ = {isa = PBXBuildFile; fileRef = 32A2B0AB20C5352700FD6736 /* RMAnswer.swift */; };
		32A2B0AE20C5353B00FD6736 /* RMMedal.swift in Sources */ = {isa = PBXBuildFile; fileRef = 32A2B0AD20C5353B00FD6736 /* RMMedal.swift */; };
		32A5F25E20B2F2560047020A /* RealmManager.swift in Sources */ = {isa = PBXBuildFile; fileRef = 32A5F25D20B2F2560047020A /* RealmManager.swift */; };
		32BC1C9320B2FABF008B9CFD /* OnboardingViewModel.swift in Sources */ = {isa = PBXBuildFile; fileRef = 32BC1C9220B2FABF008B9CFD /* OnboardingViewModel.swift */; };
		32BC1C9520B2FACE008B9CFD /* OnboardingViewController.swift in Sources */ = {isa = PBXBuildFile; fileRef = 32BC1C9420B2FACE008B9CFD /* OnboardingViewController.swift */; };
		32BC1C9720B2FADD008B9CFD /* OnboardingPresenter.swift in Sources */ = {isa = PBXBuildFile; fileRef = 32BC1C9620B2FADD008B9CFD /* OnboardingPresenter.swift */; };
		32D34593207CD1B8003CFC7B /* AppDelegate.swift in Sources */ = {isa = PBXBuildFile; fileRef = 32D34592207CD1B8003CFC7B /* AppDelegate.swift */; };
		32D3459A207CD1B8003CFC7B /* Assets.xcassets in Resources */ = {isa = PBXBuildFile; fileRef = 32D34599207CD1B8003CFC7B /* Assets.xcassets */; };
		32D3459D207CD1B9003CFC7B /* LaunchScreen.storyboard in Resources */ = {isa = PBXBuildFile; fileRef = 32D3459B207CD1B9003CFC7B /* LaunchScreen.storyboard */; };
		32D345A8207CD3F9003CFC7B /* BasePresenter.swift in Sources */ = {isa = PBXBuildFile; fileRef = 32D345A5207CD3F8003CFC7B /* BasePresenter.swift */; };
		32D345A9207CD3F9003CFC7B /* BaseViewController.swift in Sources */ = {isa = PBXBuildFile; fileRef = 32D345A6207CD3F8003CFC7B /* BaseViewController.swift */; };
		32D345AA207CD3F9003CFC7B /* BaseViewModel.swift in Sources */ = {isa = PBXBuildFile; fileRef = 32D345A7207CD3F8003CFC7B /* BaseViewModel.swift */; };
		32D345B8207CD55B003CFC7B /* NavigationService.swift in Sources */ = {isa = PBXBuildFile; fileRef = 32D345B7207CD55B003CFC7B /* NavigationService.swift */; };
		32D345BA207CD563003CFC7B /* RequestError.swift in Sources */ = {isa = PBXBuildFile; fileRef = 32D345B9207CD563003CFC7B /* RequestError.swift */; };
		32D345BC207CD705003CFC7B /* NetworkRequestHandler.swift in Sources */ = {isa = PBXBuildFile; fileRef = 32D345BB207CD705003CFC7B /* NetworkRequestHandler.swift */; };
		32EC491A208E3BE300F89BB2 /* RootNavigationController.swift in Sources */ = {isa = PBXBuildFile; fileRef = 32EC4919208E3BE300F89BB2 /* RootNavigationController.swift */; };
		32FFAB8220AC7A1100A5D9CB /* LoginTextField.swift in Sources */ = {isa = PBXBuildFile; fileRef = 32FFAB8120AC7A1100A5D9CB /* LoginTextField.swift */; };
		32FFAB8520AC810600A5D9CB /* GeneralExstension.swift in Sources */ = {isa = PBXBuildFile; fileRef = 32FFAB8420AC810600A5D9CB /* GeneralExstension.swift */; };
		9BF3D7D12FBADCCA2F6B6153 /* Pods_Finals.framework in Frameworks */ = {isa = PBXBuildFile; fileRef = 6B2FEA4C594DDA4E012331D5 /* Pods_Finals.framework */; };
/* End PBXBuildFile section */

/* Begin PBXFileReference section */
		3202455F20C8833C006646BB /* UserStorage.swift */ = {isa = PBXFileReference; lastKnownFileType = sourcecode.swift; path = UserStorage.swift; sourceTree = "<group>"; };
		3202456120C88800006646BB /* UserLoginData.swift */ = {isa = PBXFileReference; lastKnownFileType = sourcecode.swift; path = UserLoginData.swift; sourceTree = "<group>"; };
		321D26DF2098C42B0089B2E0 /* LoginViewModel.swift */ = {isa = PBXFileReference; lastKnownFileType = sourcecode.swift; path = LoginViewModel.swift; sourceTree = "<group>"; };
		321D26E12098C4380089B2E0 /* LoginViewController.swift */ = {isa = PBXFileReference; lastKnownFileType = sourcecode.swift; path = LoginViewController.swift; sourceTree = "<group>"; };
		321D26E32098C4440089B2E0 /* LoginPresenter.swift */ = {isa = PBXFileReference; lastKnownFileType = sourcecode.swift; path = LoginPresenter.swift; sourceTree = "<group>"; };
		321D26E92098C4D00089B2E0 /* MainViewModel.swift */ = {isa = PBXFileReference; lastKnownFileType = sourcecode.swift; path = MainViewModel.swift; sourceTree = "<group>"; };
		321D26EB2098C4DD0089B2E0 /* MainViewController.swift */ = {isa = PBXFileReference; lastKnownFileType = sourcecode.swift; path = MainViewController.swift; sourceTree = "<group>"; };
		321D26ED2098C4E80089B2E0 /* MainPresenter.swift */ = {isa = PBXFileReference; lastKnownFileType = sourcecode.swift; path = MainPresenter.swift; sourceTree = "<group>"; };
		321D26F22098C53F0089B2E0 /* LearnListViewModel.swift */ = {isa = PBXFileReference; lastKnownFileType = sourcecode.swift; path = LearnListViewModel.swift; sourceTree = "<group>"; };
		321D26F42098C54C0089B2E0 /* LearnListViewController.swift */ = {isa = PBXFileReference; lastKnownFileType = sourcecode.swift; path = LearnListViewController.swift; sourceTree = "<group>"; };
		321D26F62098C5570089B2E0 /* LearnListPresenter.swift */ = {isa = PBXFileReference; lastKnownFileType = sourcecode.swift; path = LearnListPresenter.swift; sourceTree = "<group>"; };
		321D26F82098C5700089B2E0 /* LearnSingleViewModel.swift */ = {isa = PBXFileReference; lastKnownFileType = sourcecode.swift; path = LearnSingleViewModel.swift; sourceTree = "<group>"; };
		321D26FA2098C57D0089B2E0 /* LearnSingleViewController.swift */ = {isa = PBXFileReference; lastKnownFileType = sourcecode.swift; path = LearnSingleViewController.swift; sourceTree = "<group>"; };
		321D26FC2098C5960089B2E0 /* LearnSinglePresenter.swift */ = {isa = PBXFileReference; lastKnownFileType = sourcecode.swift; path = LearnSinglePresenter.swift; sourceTree = "<group>"; };
		321D26FE2098C6430089B2E0 /* Main.storyboard */ = {isa = PBXFileReference; lastKnownFileType = file.storyboard; path = Main.storyboard; sourceTree = "<group>"; };
		3229148520C13237001EEC8B /* Medals.storyboard */ = {isa = PBXFileReference; lastKnownFileType = file.storyboard; path = Medals.storyboard; sourceTree = "<group>"; };
		3229148820C13408001EEC8B /* MedalsViewController.swift */ = {isa = PBXFileReference; lastKnownFileType = sourcecode.swift; path = MedalsViewController.swift; sourceTree = "<group>"; };
		3229148A20C13415001EEC8B /* MedalsViewModel.swift */ = {isa = PBXFileReference; lastKnownFileType = sourcecode.swift; path = MedalsViewModel.swift; sourceTree = "<group>"; };
		3229148C20C13420001EEC8B /* MedalsPresenter.swift */ = {isa = PBXFileReference; lastKnownFileType = sourcecode.swift; path = MedalsPresenter.swift; sourceTree = "<group>"; };
		3229148F20C141FF001EEC8B /* MedalsPopoverViewController.swift */ = {isa = PBXFileReference; lastKnownFileType = sourcecode.swift; path = MedalsPopoverViewController.swift; sourceTree = "<group>"; };
		3229149120C179FB001EEC8B /* CategoryCell.swift */ = {isa = PBXFileReference; lastKnownFileType = sourcecode.swift; path = CategoryCell.swift; sourceTree = "<group>"; };
		3229149220C179FB001EEC8B /* CategoryCell.xib */ = {isa = PBXFileReference; lastKnownFileType = file.xib; path = CategoryCell.xib; sourceTree = "<group>"; };
		3229149520C185D4001EEC8B /* Question.storyboard */ = {isa = PBXFileReference; lastKnownFileType = file.storyboard; path = Question.storyboard; sourceTree = "<group>"; };
		32505AD920C96FB20030CB6C /* ChallengeViewModel.swift */ = {isa = PBXFileReference; lastKnownFileType = sourcecode.swift; path = ChallengeViewModel.swift; sourceTree = "<group>"; };
		32505ADB20C96FBE0030CB6C /* ChallengeViewController.swift */ = {isa = PBXFileReference; lastKnownFileType = sourcecode.swift; path = ChallengeViewController.swift; sourceTree = "<group>"; };
		32505ADD20C96FC90030CB6C /* ChallengePresenter.swift */ = {isa = PBXFileReference; lastKnownFileType = sourcecode.swift; path = ChallengePresenter.swift; sourceTree = "<group>"; };
		32505AE020C971080030CB6C /* LevelCell.swift */ = {isa = PBXFileReference; lastKnownFileType = sourcecode.swift; path = LevelCell.swift; sourceTree = "<group>"; };
		32505AE120C971080030CB6C /* LevelCell.xib */ = {isa = PBXFileReference; lastKnownFileType = file.xib; path = LevelCell.xib; sourceTree = "<group>"; };
		32505AE520C994360030CB6C /* TopListCell.swift */ = {isa = PBXFileReference; lastKnownFileType = sourcecode.swift; path = TopListCell.swift; sourceTree = "<group>"; };
		32505AE620C994360030CB6C /* TopListCell.xib */ = {isa = PBXFileReference; lastKnownFileType = file.xib; path = TopListCell.xib; sourceTree = "<group>"; };
		3253C99020C7E609003E71AE /* TopListViewModel.swift */ = {isa = PBXFileReference; lastKnownFileType = sourcecode.swift; path = TopListViewModel.swift; sourceTree = "<group>"; };
		3253C99220C7E619003E71AE /* TopListViewController.swift */ = {isa = PBXFileReference; lastKnownFileType = sourcecode.swift; path = TopListViewController.swift; sourceTree = "<group>"; };
		3253C99420C7E625003E71AE /* TopListPresenter.swift */ = {isa = PBXFileReference; lastKnownFileType = sourcecode.swift; path = TopListPresenter.swift; sourceTree = "<group>"; };
		3253C99720C7EC3B003E71AE /* StatisticsViewModel.swift */ = {isa = PBXFileReference; lastKnownFileType = sourcecode.swift; path = StatisticsViewModel.swift; sourceTree = "<group>"; };
		3253C99920C7EC4B003E71AE /* StatisticsViewController.swift */ = {isa = PBXFileReference; lastKnownFileType = sourcecode.swift; path = StatisticsViewController.swift; sourceTree = "<group>"; };
		3253C99B20C7EC59003E71AE /* StatisticsPresenter.swift */ = {isa = PBXFileReference; lastKnownFileType = sourcecode.swift; path = StatisticsPresenter.swift; sourceTree = "<group>"; };
		3253C99D20C8251D003E71AE /* FinalsRouter.swift */ = {isa = PBXFileReference; lastKnownFileType = sourcecode.swift; path = FinalsRouter.swift; sourceTree = "<group>"; };
		327E3F9920BEBA01006ABE32 /* Categories.storyboard */ = {isa = PBXFileReference; lastKnownFileType = file.storyboard; path = Categories.storyboard; sourceTree = "<group>"; };
		327E3F9D20BEBDC2006ABE32 /* ProfileViewModel.swift */ = {isa = PBXFileReference; lastKnownFileType = sourcecode.swift; path = ProfileViewModel.swift; sourceTree = "<group>"; };
		327E3F9F20BEBDCE006ABE32 /* ProfileViewController.swift */ = {isa = PBXFileReference; lastKnownFileType = sourcecode.swift; path = ProfileViewController.swift; sourceTree = "<group>"; };
		327E3FA120BEBDD9006ABE32 /* ProfilePresenter.swift */ = {isa = PBXFileReference; lastKnownFileType = sourcecode.swift; path = ProfilePresenter.swift; sourceTree = "<group>"; };
		32812192207CF1CC00FF4A23 /* AlamofireNetworking.swift */ = {isa = PBXFileReference; fileEncoding = 4; lastKnownFileType = sourcecode.swift; path = AlamofireNetworking.swift; sourceTree = "<group>"; };
		3294174F20BC54C80050A497 /* MainScreen.storyboard */ = {isa = PBXFileReference; lastKnownFileType = file.storyboard; path = MainScreen.storyboard; sourceTree = "<group>"; };
		3294A4A720CAB1800008204F /* TopList.storyboard */ = {isa = PBXFileReference; fileEncoding = 4; lastKnownFileType = file.storyboard; path = TopList.storyboard; sourceTree = "<group>"; };
		3294A4AA20CAB1ED0008204F /* TopListSingleViewController.swift */ = {isa = PBXFileReference; lastKnownFileType = sourcecode.swift; path = TopListSingleViewController.swift; sourceTree = "<group>"; };
		3294A4AC20CAB1FC0008204F /* TopListSingleViewModel.swift */ = {isa = PBXFileReference; lastKnownFileType = sourcecode.swift; path = TopListSingleViewModel.swift; sourceTree = "<group>"; };
		3294A4AE20CAB2130008204F /* TopListSinglePresenter.swift */ = {isa = PBXFileReference; lastKnownFileType = sourcecode.swift; path = TopListSinglePresenter.swift; sourceTree = "<group>"; };
		329F002220AB362F0018466D /* TPKeyboardAvoidingScrollView.h */ = {isa = PBXFileReference; fileEncoding = 4; lastKnownFileType = sourcecode.c.h; path = TPKeyboardAvoidingScrollView.h; sourceTree = "<group>"; };
		329F002320AB36380018466D /* Finals-Bridging-Header.h */ = {isa = PBXFileReference; lastKnownFileType = sourcecode.c.h; path = "Finals-Bridging-Header.h"; sourceTree = "<group>"; };
		329F002420AB36380018466D /* TPKeyboardAvoidingScrollView.m */ = {isa = PBXFileReference; fileEncoding = 4; lastKnownFileType = sourcecode.c.objc; path = TPKeyboardAvoidingScrollView.m; sourceTree = "<group>"; };
		329F002620AB38EE0018466D /* UIScrollView+TPKeyboardAvoidingAdditions.h */ = {isa = PBXFileReference; fileEncoding = 4; lastKnownFileType = sourcecode.c.h; path = "UIScrollView+TPKeyboardAvoidingAdditions.h"; sourceTree = "<group>"; };
		329F002720AB391D0018466D /* UIScrollView+TPKeyboardAvoidingAdditions.m */ = {isa = PBXFileReference; fileEncoding = 4; lastKnownFileType = sourcecode.c.objc; path = "UIScrollView+TPKeyboardAvoidingAdditions.m"; sourceTree = "<group>"; };
		32A2B0A320C534DA00FD6736 /* RMUser.swift */ = {isa = PBXFileReference; lastKnownFileType = sourcecode.swift; path = RMUser.swift; sourceTree = "<group>"; };
		32A2B0A520C5350100FD6736 /* RMCategory.swift */ = {isa = PBXFileReference; lastKnownFileType = sourcecode.swift; path = RMCategory.swift; sourceTree = "<group>"; };
		32A2B0A720C5351000FD6736 /* RMLevel.swift */ = {isa = PBXFileReference; lastKnownFileType = sourcecode.swift; path = RMLevel.swift; sourceTree = "<group>"; };
		32A2B0A920C5351A00FD6736 /* RMQuestion.swift */ = {isa = PBXFileReference; lastKnownFileType = sourcecode.swift; path = RMQuestion.swift; sourceTree = "<group>"; };
		32A2B0AB20C5352700FD6736 /* RMAnswer.swift */ = {isa = PBXFileReference; lastKnownFileType = sourcecode.swift; path = RMAnswer.swift; sourceTree = "<group>"; };
		32A2B0AD20C5353B00FD6736 /* RMMedal.swift */ = {isa = PBXFileReference; lastKnownFileType = sourcecode.swift; path = RMMedal.swift; sourceTree = "<group>"; };
		32A5F25D20B2F2560047020A /* RealmManager.swift */ = {isa = PBXFileReference; lastKnownFileType = sourcecode.swift; path = RealmManager.swift; sourceTree = "<group>"; };
		32BC1C9220B2FABF008B9CFD /* OnboardingViewModel.swift */ = {isa = PBXFileReference; lastKnownFileType = sourcecode.swift; path = OnboardingViewModel.swift; sourceTree = "<group>"; };
		32BC1C9420B2FACE008B9CFD /* OnboardingViewController.swift */ = {isa = PBXFileReference; lastKnownFileType = sourcecode.swift; path = OnboardingViewController.swift; sourceTree = "<group>"; };
		32BC1C9620B2FADD008B9CFD /* OnboardingPresenter.swift */ = {isa = PBXFileReference; lastKnownFileType = sourcecode.swift; path = OnboardingPresenter.swift; sourceTree = "<group>"; };
		32D3458F207CD1B8003CFC7B /* Finals.app */ = {isa = PBXFileReference; explicitFileType = wrapper.application; includeInIndex = 0; path = Finals.app; sourceTree = BUILT_PRODUCTS_DIR; };
		32D34592207CD1B8003CFC7B /* AppDelegate.swift */ = {isa = PBXFileReference; lastKnownFileType = sourcecode.swift; path = AppDelegate.swift; sourceTree = "<group>"; };
		32D34599207CD1B8003CFC7B /* Assets.xcassets */ = {isa = PBXFileReference; lastKnownFileType = folder.assetcatalog; path = Assets.xcassets; sourceTree = "<group>"; };
		32D3459C207CD1B9003CFC7B /* Base */ = {isa = PBXFileReference; lastKnownFileType = file.storyboard; name = Base; path = Base.lproj/LaunchScreen.storyboard; sourceTree = "<group>"; };
		32D3459E207CD1B9003CFC7B /* Info.plist */ = {isa = PBXFileReference; lastKnownFileType = text.plist.xml; path = Info.plist; sourceTree = "<group>"; };
		32D345A5207CD3F8003CFC7B /* BasePresenter.swift */ = {isa = PBXFileReference; fileEncoding = 4; lastKnownFileType = sourcecode.swift; path = BasePresenter.swift; sourceTree = "<group>"; };
		32D345A6207CD3F8003CFC7B /* BaseViewController.swift */ = {isa = PBXFileReference; fileEncoding = 4; lastKnownFileType = sourcecode.swift; path = BaseViewController.swift; sourceTree = "<group>"; };
		32D345A7207CD3F8003CFC7B /* BaseViewModel.swift */ = {isa = PBXFileReference; fileEncoding = 4; lastKnownFileType = sourcecode.swift; path = BaseViewModel.swift; sourceTree = "<group>"; };
		32D345B7207CD55B003CFC7B /* NavigationService.swift */ = {isa = PBXFileReference; fileEncoding = 4; lastKnownFileType = sourcecode.swift; path = NavigationService.swift; sourceTree = "<group>"; };
		32D345B9207CD563003CFC7B /* RequestError.swift */ = {isa = PBXFileReference; fileEncoding = 4; lastKnownFileType = sourcecode.swift; path = RequestError.swift; sourceTree = "<group>"; };
		32D345BB207CD705003CFC7B /* NetworkRequestHandler.swift */ = {isa = PBXFileReference; lastKnownFileType = sourcecode.swift; path = NetworkRequestHandler.swift; sourceTree = "<group>"; };
		32EC4919208E3BE300F89BB2 /* RootNavigationController.swift */ = {isa = PBXFileReference; lastKnownFileType = sourcecode.swift; path = RootNavigationController.swift; sourceTree = "<group>"; };
		32FFAB8120AC7A1100A5D9CB /* LoginTextField.swift */ = {isa = PBXFileReference; lastKnownFileType = sourcecode.swift; path = LoginTextField.swift; sourceTree = "<group>"; };
		32FFAB8420AC810600A5D9CB /* GeneralExstension.swift */ = {isa = PBXFileReference; lastKnownFileType = sourcecode.swift; path = GeneralExstension.swift; sourceTree = "<group>"; };
		45A7A415B60F798BD152991E /* Pods-Finals.release.xcconfig */ = {isa = PBXFileReference; includeInIndex = 1; lastKnownFileType = text.xcconfig; name = "Pods-Finals.release.xcconfig"; path = "Pods/Target Support Files/Pods-Finals/Pods-Finals.release.xcconfig"; sourceTree = "<group>"; };
		6B2FEA4C594DDA4E012331D5 /* Pods_Finals.framework */ = {isa = PBXFileReference; explicitFileType = wrapper.framework; includeInIndex = 0; path = Pods_Finals.framework; sourceTree = BUILT_PRODUCTS_DIR; };
		A2984C12BA263CE21A9E5261 /* Pods-Finals.debug.xcconfig */ = {isa = PBXFileReference; includeInIndex = 1; lastKnownFileType = text.xcconfig; name = "Pods-Finals.debug.xcconfig"; path = "Pods/Target Support Files/Pods-Finals/Pods-Finals.debug.xcconfig"; sourceTree = "<group>"; };
/* End PBXFileReference section */

/* Begin PBXFrameworksBuildPhase section */
		32D3458C207CD1B8003CFC7B /* Frameworks */ = {
			isa = PBXFrameworksBuildPhase;
			buildActionMask = 2147483647;
			files = (
				9BF3D7D12FBADCCA2F6B6153 /* Pods_Finals.framework in Frameworks */,
			);
			runOnlyForDeploymentPostprocessing = 0;
		};
/* End PBXFrameworksBuildPhase section */

/* Begin PBXGroup section */
		321D26DE2098C3ED0089B2E0 /* LoginScreen */ = {
			isa = PBXGroup;
			children = (
				321D26DF2098C42B0089B2E0 /* LoginViewModel.swift */,
				321D26E12098C4380089B2E0 /* LoginViewController.swift */,
				321D26E32098C4440089B2E0 /* LoginPresenter.swift */,
				32FFAB8020AC79FF00A5D9CB /* Views */,
			);
			path = LoginScreen;
			sourceTree = "<group>";
		};
		321D26E82098C4BE0089B2E0 /* MainScreen */ = {
			isa = PBXGroup;
			children = (
				321D26E92098C4D00089B2E0 /* MainViewModel.swift */,
				321D26EB2098C4DD0089B2E0 /* MainViewController.swift */,
				321D26ED2098C4E80089B2E0 /* MainPresenter.swift */,
			);
			path = MainScreen;
			sourceTree = "<group>";
		};
		321D26EF2098C4F40089B2E0 /* LearnScreen */ = {
			isa = PBXGroup;
			children = (
				321D26F02098C5260089B2E0 /* List */,
				321D26F12098C52D0089B2E0 /* Single */,
			);
			path = LearnScreen;
			sourceTree = "<group>";
		};
		321D26F02098C5260089B2E0 /* List */ = {
			isa = PBXGroup;
			children = (
				321D26F22098C53F0089B2E0 /* LearnListViewModel.swift */,
				321D26F42098C54C0089B2E0 /* LearnListViewController.swift */,
				321D26F62098C5570089B2E0 /* LearnListPresenter.swift */,
				327E3F9B20BEBD52006ABE32 /* Cells */,
			);
			path = List;
			sourceTree = "<group>";
		};
		321D26F12098C52D0089B2E0 /* Single */ = {
			isa = PBXGroup;
			children = (
				321D26F82098C5700089B2E0 /* LearnSingleViewModel.swift */,
				321D26FA2098C57D0089B2E0 /* LearnSingleViewController.swift */,
				321D26FC2098C5960089B2E0 /* LearnSinglePresenter.swift */,
			);
			path = Single;
			sourceTree = "<group>";
		};
		3229148720C133EB001EEC8B /* MedalsScreen */ = {
			isa = PBXGroup;
			children = (
				3229148A20C13415001EEC8B /* MedalsViewModel.swift */,
				3229148820C13408001EEC8B /* MedalsViewController.swift */,
				3229148C20C13420001EEC8B /* MedalsPresenter.swift */,
				3229148E20C141E8001EEC8B /* Popover */,
			);
			path = MedalsScreen;
			sourceTree = "<group>";
		};
		3229148E20C141E8001EEC8B /* Popover */ = {
			isa = PBXGroup;
			children = (
				3229148F20C141FF001EEC8B /* MedalsPopoverViewController.swift */,
			);
			path = Popover;
			sourceTree = "<group>";
		};
		3247F15120A97A28000791F4 /* Resources */ = {
			isa = PBXGroup;
			children = (
				3247F15220A97A40000791F4 /* TPKeyboardAvoiding */,
			);
			path = Resources;
			sourceTree = "<group>";
		};
		3247F15220A97A40000791F4 /* TPKeyboardAvoiding */ = {
			isa = PBXGroup;
			children = (
				329F002220AB362F0018466D /* TPKeyboardAvoidingScrollView.h */,
				329F002420AB36380018466D /* TPKeyboardAvoidingScrollView.m */,
				329F002320AB36380018466D /* Finals-Bridging-Header.h */,
				329F002620AB38EE0018466D /* UIScrollView+TPKeyboardAvoidingAdditions.h */,
				329F002720AB391D0018466D /* UIScrollView+TPKeyboardAvoidingAdditions.m */,
			);
			path = TPKeyboardAvoiding;
			sourceTree = "<group>";
		};
		32505AD720C96F640030CB6C /* Question */ = {
			isa = PBXGroup;
			children = (
			);
			path = Question;
			sourceTree = "<group>";
		};
		32505AD820C96F900030CB6C /* ChallengeScreen */ = {
			isa = PBXGroup;
			children = (
				32505AD920C96FB20030CB6C /* ChallengeViewModel.swift */,
				32505ADB20C96FBE0030CB6C /* ChallengeViewController.swift */,
				32505ADD20C96FC90030CB6C /* ChallengePresenter.swift */,
				32505ADF20C970F40030CB6C /* Cells */,
			);
			path = ChallengeScreen;
			sourceTree = "<group>";
		};
		32505ADF20C970F40030CB6C /* Cells */ = {
			isa = PBXGroup;
			children = (
				32505AE020C971080030CB6C /* LevelCell.swift */,
				32505AE120C971080030CB6C /* LevelCell.xib */,
			);
			path = Cells;
			sourceTree = "<group>";
		};
		32505AE420C994210030CB6C /* Cells */ = {
			isa = PBXGroup;
			children = (
				32505AE520C994360030CB6C /* TopListCell.swift */,
				32505AE620C994360030CB6C /* TopListCell.xib */,
			);
			path = Cells;
			sourceTree = "<group>";
		};
		3253C98F20C7E5E4003E71AE /* TopListScreen */ = {
			isa = PBXGroup;
			children = (
				3253C99020C7E609003E71AE /* TopListViewModel.swift */,
				3253C99220C7E619003E71AE /* TopListViewController.swift */,
				3253C99420C7E625003E71AE /* TopListPresenter.swift */,
				32505AE420C994210030CB6C /* Cells */,
				3294A4A920CAB1D10008204F /* Single */,
			);
			path = TopListScreen;
			sourceTree = "<group>";
		};
		3253C99620C7EC23003E71AE /* StatisticsScreen */ = {
			isa = PBXGroup;
			children = (
				3253C99720C7EC3B003E71AE /* StatisticsViewModel.swift */,
				3253C99920C7EC4B003E71AE /* StatisticsViewController.swift */,
				3253C99B20C7EC59003E71AE /* StatisticsPresenter.swift */,
			);
			path = StatisticsScreen;
			sourceTree = "<group>";
		};
		327E3F9B20BEBD52006ABE32 /* Cells */ = {
			isa = PBXGroup;
			children = (
				3229149120C179FB001EEC8B /* CategoryCell.swift */,
				3229149220C179FB001EEC8B /* CategoryCell.xib */,
			);
			path = Cells;
			sourceTree = "<group>";
		};
		327E3F9C20BEBDAE006ABE32 /* ProfileScreen */ = {
			isa = PBXGroup;
			children = (
				327E3F9D20BEBDC2006ABE32 /* ProfileViewModel.swift */,
				327E3F9F20BEBDCE006ABE32 /* ProfileViewController.swift */,
				327E3FA120BEBDD9006ABE32 /* ProfilePresenter.swift */,
			);
			path = ProfileScreen;
			sourceTree = "<group>";
		};
		3294A4A920CAB1D10008204F /* Single */ = {
			isa = PBXGroup;
			children = (
				3294A4AC20CAB1FC0008204F /* TopListSingleViewModel.swift */,
				3294A4AA20CAB1ED0008204F /* TopListSingleViewController.swift */,
				3294A4AE20CAB2130008204F /* TopListSinglePresenter.swift */,
			);
			path = Single;
			sourceTree = "<group>";
		};
		32A2B0A220C534C600FD6736 /* RealmModels */ = {
			isa = PBXGroup;
			children = (
				32A2B0A320C534DA00FD6736 /* RMUser.swift */,
				32A2B0A520C5350100FD6736 /* RMCategory.swift */,
				32A2B0A720C5351000FD6736 /* RMLevel.swift */,
				32A2B0A920C5351A00FD6736 /* RMQuestion.swift */,
				32A2B0AB20C5352700FD6736 /* RMAnswer.swift */,
				32A2B0AD20C5353B00FD6736 /* RMMedal.swift */,
			);
			path = RealmModels;
			sourceTree = "<group>";
		};
		32BC1C9120B2FAA2008B9CFD /* OnboardingScreen */ = {
			isa = PBXGroup;
			children = (
				32BC1C9220B2FABF008B9CFD /* OnboardingViewModel.swift */,
				32BC1C9420B2FACE008B9CFD /* OnboardingViewController.swift */,
				32BC1C9620B2FADD008B9CFD /* OnboardingPresenter.swift */,
			);
			path = OnboardingScreen;
			sourceTree = "<group>";
		};
		32D34586207CD1B8003CFC7B = {
			isa = PBXGroup;
			children = (
				32D34591207CD1B8003CFC7B /* Finals */,
				321D26FE2098C6430089B2E0 /* Main.storyboard */,
				3294174F20BC54C80050A497 /* MainScreen.storyboard */,
				3294A4A720CAB1800008204F /* TopList.storyboard */,
				327E3F9920BEBA01006ABE32 /* Categories.storyboard */,
				3229149520C185D4001EEC8B /* Question.storyboard */,
				3229148520C13237001EEC8B /* Medals.storyboard */,
				32D34590207CD1B8003CFC7B /* Products */,
				DC497779F9C16AF8B4943CB7 /* Pods */,
				F0206C156A86C51F4AB74DA4 /* Frameworks */,
			);
			sourceTree = "<group>";
		};
		32D34590207CD1B8003CFC7B /* Products */ = {
			isa = PBXGroup;
			children = (
				32D3458F207CD1B8003CFC7B /* Finals.app */,
			);
			name = Products;
			sourceTree = "<group>";
		};
		32D34591207CD1B8003CFC7B /* Finals */ = {
			isa = PBXGroup;
			children = (
				32D34592207CD1B8003CFC7B /* AppDelegate.swift */,
				32D3459B207CD1B9003CFC7B /* LaunchScreen.storyboard */,
				32D3459E207CD1B9003CFC7B /* Info.plist */,
				32D34599207CD1B8003CFC7B /* Assets.xcassets */,
				32FFAB8320AC80F500A5D9CB /* Extensions */,
				3247F15120A97A28000791F4 /* Resources */,
				32D345AD207CD463003CFC7B /* DatabaseManagment */,
				32D345AC207CD45D003CFC7B /* Services */,
				32D345AB207CD453003CFC7B /* Networking */,
				32D345A4207CD3E0003CFC7B /* BaseClasses */,
				32EC4918208E3BCA00F89BB2 /* TopContollers */,
				32BC1C9120B2FAA2008B9CFD /* OnboardingScreen */,
				321D26DE2098C3ED0089B2E0 /* LoginScreen */,
				321D26E82098C4BE0089B2E0 /* MainScreen */,
				327E3F9C20BEBDAE006ABE32 /* ProfileScreen */,
				321D26EF2098C4F40089B2E0 /* LearnScreen */,
				32505AD820C96F900030CB6C /* ChallengeScreen */,
				32505AD720C96F640030CB6C /* Question */,
				3229148720C133EB001EEC8B /* MedalsScreen */,
				3253C98F20C7E5E4003E71AE /* TopListScreen */,
				3253C99620C7EC23003E71AE /* StatisticsScreen */,
			);
			path = Finals;
			sourceTree = "<group>";
		};
		32D345A4207CD3E0003CFC7B /* BaseClasses */ = {
			isa = PBXGroup;
			children = (
				32D345A7207CD3F8003CFC7B /* BaseViewModel.swift */,
				32D345A6207CD3F8003CFC7B /* BaseViewController.swift */,
				32D345A5207CD3F8003CFC7B /* BasePresenter.swift */,
			);
			path = BaseClasses;
			sourceTree = "<group>";
		};
		32D345AB207CD453003CFC7B /* Networking */ = {
			isa = PBXGroup;
			children = (
				32812192207CF1CC00FF4A23 /* AlamofireNetworking.swift */,
				32D345B4207CD4A6003CFC7B /* NetworkModels */,
				32D345BB207CD705003CFC7B /* NetworkRequestHandler.swift */,
				3253C99D20C8251D003E71AE /* FinalsRouter.swift */,
			);
			path = Networking;
			sourceTree = "<group>";
		};
		32D345AC207CD45D003CFC7B /* Services */ = {
			isa = PBXGroup;
			children = (
				32D345B7207CD55B003CFC7B /* NavigationService.swift */,
				3202455F20C8833C006646BB /* UserStorage.swift */,
			);
			path = Services;
			sourceTree = "<group>";
		};
		32D345AD207CD463003CFC7B /* DatabaseManagment */ = {
			isa = PBXGroup;
			children = (
				32A2B0A220C534C600FD6736 /* RealmModels */,
				32A5F25D20B2F2560047020A /* RealmManager.swift */,
			);
			path = DatabaseManagment;
			sourceTree = "<group>";
		};
		32D345B4207CD4A6003CFC7B /* NetworkModels */ = {
			isa = PBXGroup;
			children = (
				32D345B9207CD563003CFC7B /* RequestError.swift */,
				3202456120C88800006646BB /* UserLoginData.swift */,
			);
			path = NetworkModels;
			sourceTree = "<group>";
		};
		32EC4918208E3BCA00F89BB2 /* TopContollers */ = {
			isa = PBXGroup;
			children = (
				32EC4919208E3BE300F89BB2 /* RootNavigationController.swift */,
			);
			path = TopContollers;
			sourceTree = "<group>";
		};
		32FFAB8020AC79FF00A5D9CB /* Views */ = {
			isa = PBXGroup;
			children = (
				32FFAB8120AC7A1100A5D9CB /* LoginTextField.swift */,
			);
			path = Views;
			sourceTree = "<group>";
		};
		32FFAB8320AC80F500A5D9CB /* Extensions */ = {
			isa = PBXGroup;
			children = (
				32FFAB8420AC810600A5D9CB /* GeneralExstension.swift */,
			);
			path = Extensions;
			sourceTree = "<group>";
		};
		DC497779F9C16AF8B4943CB7 /* Pods */ = {
			isa = PBXGroup;
			children = (
				A2984C12BA263CE21A9E5261 /* Pods-Finals.debug.xcconfig */,
				45A7A415B60F798BD152991E /* Pods-Finals.release.xcconfig */,
			);
			name = Pods;
			sourceTree = "<group>";
		};
		F0206C156A86C51F4AB74DA4 /* Frameworks */ = {
			isa = PBXGroup;
			children = (
				6B2FEA4C594DDA4E012331D5 /* Pods_Finals.framework */,
			);
			name = Frameworks;
			sourceTree = "<group>";
		};
/* End PBXGroup section */

/* Begin PBXNativeTarget section */
		32D3458E207CD1B8003CFC7B /* Finals */ = {
			isa = PBXNativeTarget;
			buildConfigurationList = 32D345A1207CD1B9003CFC7B /* Build configuration list for PBXNativeTarget "Finals" */;
			buildPhases = (
				C391797C3126D18872CEF057 /* [CP] Check Pods Manifest.lock */,
				32D3458B207CD1B8003CFC7B /* Sources */,
				32D3458C207CD1B8003CFC7B /* Frameworks */,
				32D3458D207CD1B8003CFC7B /* Resources */,
				BFAE869883E0170D5C47AFC0 /* [CP] Embed Pods Frameworks */,
				7497A34023C0B4ABE0BF3C34 /* [CP] Copy Pods Resources */,
			);
			buildRules = (
			);
			dependencies = (
			);
			name = Finals;
			productName = Finals;
			productReference = 32D3458F207CD1B8003CFC7B /* Finals.app */;
			productType = "com.apple.product-type.application";
		};
/* End PBXNativeTarget section */

/* Begin PBXProject section */
		32D34587207CD1B8003CFC7B /* Project object */ = {
			isa = PBXProject;
			attributes = {
				LastSwiftUpdateCheck = 0920;
				LastUpgradeCheck = 0920;
				ORGANIZATIONNAME = tamara;
				TargetAttributes = {
					32D3458E207CD1B8003CFC7B = {
						CreatedOnToolsVersion = 9.2;
						LastSwiftMigration = 0930;
						ProvisioningStyle = Automatic;
					};
				};
			};
			buildConfigurationList = 32D3458A207CD1B8003CFC7B /* Build configuration list for PBXProject "Finals" */;
			compatibilityVersion = "Xcode 8.0";
			developmentRegion = en;
			hasScannedForEncodings = 0;
			knownRegions = (
				en,
				Base,
			);
			mainGroup = 32D34586207CD1B8003CFC7B;
			productRefGroup = 32D34590207CD1B8003CFC7B /* Products */;
			projectDirPath = "";
			projectRoot = "";
			targets = (
				32D3458E207CD1B8003CFC7B /* Finals */,
			);
		};
/* End PBXProject section */

/* Begin PBXResourcesBuildPhase section */
		32D3458D207CD1B8003CFC7B /* Resources */ = {
			isa = PBXResourcesBuildPhase;
			buildActionMask = 2147483647;
			files = (
				327E3F9A20BEBA01006ABE32 /* Categories.storyboard in Resources */,
				32505AE820C994360030CB6C /* TopListCell.xib in Resources */,
				3229149420C179FB001EEC8B /* CategoryCell.xib in Resources */,
				3229149620C185D4001EEC8B /* Question.storyboard in Resources */,
				321D26FF2098C6430089B2E0 /* Main.storyboard in Resources */,
				3294175020BC54C80050A497 /* MainScreen.storyboard in Resources */,
				32D3459D207CD1B9003CFC7B /* LaunchScreen.storyboard in Resources */,
				3229148620C13237001EEC8B /* Medals.storyboard in Resources */,
				32505AE320C971080030CB6C /* LevelCell.xib in Resources */,
				3294A4A820CAB1800008204F /* TopList.storyboard in Resources */,
				32D3459A207CD1B8003CFC7B /* Assets.xcassets in Resources */,
			);
			runOnlyForDeploymentPostprocessing = 0;
		};
/* End PBXResourcesBuildPhase section */

/* Begin PBXShellScriptBuildPhase section */
		7497A34023C0B4ABE0BF3C34 /* [CP] Copy Pods Resources */ = {
			isa = PBXShellScriptBuildPhase;
			buildActionMask = 2147483647;
			files = (
			);
			inputPaths = (
			);
			name = "[CP] Copy Pods Resources";
			outputPaths = (
			);
			runOnlyForDeploymentPostprocessing = 0;
			shellPath = /bin/sh;
			shellScript = "\"${SRCROOT}/Pods/Target Support Files/Pods-Finals/Pods-Finals-resources.sh\"\n";
			showEnvVarsInLog = 0;
		};
		BFAE869883E0170D5C47AFC0 /* [CP] Embed Pods Frameworks */ = {
			isa = PBXShellScriptBuildPhase;
			buildActionMask = 2147483647;
			files = (
			);
			inputPaths = (
				"${SRCROOT}/Pods/Target Support Files/Pods-Finals/Pods-Finals-frameworks.sh",
				"${BUILT_PRODUCTS_DIR}/Alamofire/Alamofire.framework",
				"${BUILT_PRODUCTS_DIR}/Differentiator/Differentiator.framework",
				"${BUILT_PRODUCTS_DIR}/EssentialPod/EssentialPod.framework",
				"${BUILT_PRODUCTS_DIR}/NVActivityIndicatorView/NVActivityIndicatorView.framework",
				"${BUILT_PRODUCTS_DIR}/ObjectMapper/ObjectMapper.framework",
				"${BUILT_PRODUCTS_DIR}/ObjectMapper+Realm/ObjectMapper_Realm.framework",
				"${BUILT_PRODUCTS_DIR}/Realm/Realm.framework",
				"${BUILT_PRODUCTS_DIR}/RealmSwift/RealmSwift.framework",
				"${BUILT_PRODUCTS_DIR}/RxAlamofire/RxAlamofire.framework",
				"${BUILT_PRODUCTS_DIR}/RxCocoa/RxCocoa.framework",
				"${BUILT_PRODUCTS_DIR}/RxDataSources/RxDataSources.framework",
				"${BUILT_PRODUCTS_DIR}/RxRealm/RxRealm.framework",
				"${BUILT_PRODUCTS_DIR}/RxSwift/RxSwift.framework",
				"${BUILT_PRODUCTS_DIR}/SVProgressHUD/SVProgressHUD.framework",
				"${BUILT_PRODUCTS_DIR}/Whisper/Whisper.framework",
			);
			name = "[CP] Embed Pods Frameworks";
			outputPaths = (
				"${TARGET_BUILD_DIR}/${FRAMEWORKS_FOLDER_PATH}/Alamofire.framework",
				"${TARGET_BUILD_DIR}/${FRAMEWORKS_FOLDER_PATH}/Differentiator.framework",
				"${TARGET_BUILD_DIR}/${FRAMEWORKS_FOLDER_PATH}/EssentialPod.framework",
				"${TARGET_BUILD_DIR}/${FRAMEWORKS_FOLDER_PATH}/NVActivityIndicatorView.framework",
				"${TARGET_BUILD_DIR}/${FRAMEWORKS_FOLDER_PATH}/ObjectMapper.framework",
				"${TARGET_BUILD_DIR}/${FRAMEWORKS_FOLDER_PATH}/ObjectMapper_Realm.framework",
				"${TARGET_BUILD_DIR}/${FRAMEWORKS_FOLDER_PATH}/Realm.framework",
				"${TARGET_BUILD_DIR}/${FRAMEWORKS_FOLDER_PATH}/RealmSwift.framework",
				"${TARGET_BUILD_DIR}/${FRAMEWORKS_FOLDER_PATH}/RxAlamofire.framework",
				"${TARGET_BUILD_DIR}/${FRAMEWORKS_FOLDER_PATH}/RxCocoa.framework",
				"${TARGET_BUILD_DIR}/${FRAMEWORKS_FOLDER_PATH}/RxDataSources.framework",
				"${TARGET_BUILD_DIR}/${FRAMEWORKS_FOLDER_PATH}/RxRealm.framework",
				"${TARGET_BUILD_DIR}/${FRAMEWORKS_FOLDER_PATH}/RxSwift.framework",
				"${TARGET_BUILD_DIR}/${FRAMEWORKS_FOLDER_PATH}/SVProgressHUD.framework",
				"${TARGET_BUILD_DIR}/${FRAMEWORKS_FOLDER_PATH}/Whisper.framework",
			);
			runOnlyForDeploymentPostprocessing = 0;
			shellPath = /bin/sh;
			shellScript = "\"${SRCROOT}/Pods/Target Support Files/Pods-Finals/Pods-Finals-frameworks.sh\"\n";
			showEnvVarsInLog = 0;
		};
		C391797C3126D18872CEF057 /* [CP] Check Pods Manifest.lock */ = {
			isa = PBXShellScriptBuildPhase;
			buildActionMask = 2147483647;
			files = (
			);
			inputPaths = (
				"${PODS_PODFILE_DIR_PATH}/Podfile.lock",
				"${PODS_ROOT}/Manifest.lock",
			);
			name = "[CP] Check Pods Manifest.lock";
			outputPaths = (
				"$(DERIVED_FILE_DIR)/Pods-Finals-checkManifestLockResult.txt",
			);
			runOnlyForDeploymentPostprocessing = 0;
			shellPath = /bin/sh;
			shellScript = "diff \"${PODS_PODFILE_DIR_PATH}/Podfile.lock\" \"${PODS_ROOT}/Manifest.lock\" > /dev/null\nif [ $? != 0 ] ; then\n    # print error to STDERR\n    echo \"error: The sandbox is not in sync with the Podfile.lock. Run 'pod install' or update your CocoaPods installation.\" >&2\n    exit 1\nfi\n# This output is used by Xcode 'outputs' to avoid re-running this script phase.\necho \"SUCCESS\" > \"${SCRIPT_OUTPUT_FILE_0}\"\n";
			showEnvVarsInLog = 0;
		};
/* End PBXShellScriptBuildPhase section */

/* Begin PBXSourcesBuildPhase section */
		32D3458B207CD1B8003CFC7B /* Sources */ = {
			isa = PBXSourcesBuildPhase;
			buildActionMask = 2147483647;
			files = (
				3253C99820C7EC3B003E71AE /* StatisticsViewModel.swift in Sources */,
				32505ADE20C96FC90030CB6C /* ChallengePresenter.swift in Sources */,
				3229149020C141FF001EEC8B /* MedalsPopoverViewController.swift in Sources */,
				321D26E42098C4440089B2E0 /* LoginPresenter.swift in Sources */,
				3253C99A20C7EC4B003E71AE /* StatisticsViewController.swift in Sources */,
				321D26FB2098C57D0089B2E0 /* LearnSingleViewController.swift in Sources */,
				32D345BA207CD563003CFC7B /* RequestError.swift in Sources */,
				321D26F92098C5700089B2E0 /* LearnSingleViewModel.swift in Sources */,
				32BC1C9320B2FABF008B9CFD /* OnboardingViewModel.swift in Sources */,
				32D34593207CD1B8003CFC7B /* AppDelegate.swift in Sources */,
				3229148920C13408001EEC8B /* MedalsViewController.swift in Sources */,
				32EC491A208E3BE300F89BB2 /* RootNavigationController.swift in Sources */,
				329F002820AB391D0018466D /* UIScrollView+TPKeyboardAvoidingAdditions.m in Sources */,
				3202456220C88800006646BB /* UserLoginData.swift in Sources */,
				3294A4AB20CAB1ED0008204F /* TopListSingleViewController.swift in Sources */,
				32D345B8207CD55B003CFC7B /* NavigationService.swift in Sources */,
				321D26EA2098C4D00089B2E0 /* MainViewModel.swift in Sources */,
				32FFAB8220AC7A1100A5D9CB /* LoginTextField.swift in Sources */,
				3253C99E20C8251D003E71AE /* FinalsRouter.swift in Sources */,
				32BC1C9520B2FACE008B9CFD /* OnboardingViewController.swift in Sources */,
				327E3FA020BEBDCE006ABE32 /* ProfileViewController.swift in Sources */,
				32D345AA207CD3F9003CFC7B /* BaseViewModel.swift in Sources */,
				3229148B20C13415001EEC8B /* MedalsViewModel.swift in Sources */,
				321D26EC2098C4DD0089B2E0 /* MainViewController.swift in Sources */,
				3229149320C179FB001EEC8B /* CategoryCell.swift in Sources */,
				321D26F52098C54C0089B2E0 /* LearnListViewController.swift in Sources */,
				32A5F25E20B2F2560047020A /* RealmManager.swift in Sources */,
				3229148D20C13420001EEC8B /* MedalsPresenter.swift in Sources */,
				3294A4AF20CAB2130008204F /* TopListSinglePresenter.swift in Sources */,
				32A2B0A620C5350100FD6736 /* RMCategory.swift in Sources */,
				32505ADA20C96FB20030CB6C /* ChallengeViewModel.swift in Sources */,
				3253C99C20C7EC59003E71AE /* StatisticsPresenter.swift in Sources */,
				3294A4AD20CAB1FC0008204F /* TopListSingleViewModel.swift in Sources */,
				32A2B0AA20C5351A00FD6736 /* RMQuestion.swift in Sources */,
				32812193207CF1CC00FF4A23 /* AlamofireNetworking.swift in Sources */,
				32D345A8207CD3F9003CFC7B /* BasePresenter.swift in Sources */,
				32A2B0AE20C5353B00FD6736 /* RMMedal.swift in Sources */,
				3253C99320C7E619003E71AE /* TopListViewController.swift in Sources */,
				321D26F72098C5570089B2E0 /* LearnListPresenter.swift in Sources */,
				32A2B0A420C534DA00FD6736 /* RMUser.swift in Sources */,
				321D26EE2098C4E80089B2E0 /* MainPresenter.swift in Sources */,
				32D345A9207CD3F9003CFC7B /* BaseViewController.swift in Sources */,
				3253C99520C7E625003E71AE /* TopListPresenter.swift in Sources */,
				32FFAB8520AC810600A5D9CB /* GeneralExstension.swift in Sources */,
				321D26FD2098C5960089B2E0 /* LearnSinglePresenter.swift in Sources */,
				32505AE220C971080030CB6C /* LevelCell.swift in Sources */,
				32A2B0AC20C5352700FD6736 /* RMAnswer.swift in Sources */,
				32A2B0A820C5351000FD6736 /* RMLevel.swift in Sources */,
				329F002520AB36390018466D /* TPKeyboardAvoidingScrollView.m in Sources */,
				3253C99120C7E609003E71AE /* TopListViewModel.swift in Sources */,
				327E3F9E20BEBDC2006ABE32 /* ProfileViewModel.swift in Sources */,
				32505ADC20C96FBE0030CB6C /* ChallengeViewController.swift in Sources */,
				3202456020C8833C006646BB /* UserStorage.swift in Sources */,
				327E3FA220BEBDD9006ABE32 /* ProfilePresenter.swift in Sources */,
				32505AE720C994360030CB6C /* TopListCell.swift in Sources */,
				321D26E02098C42B0089B2E0 /* LoginViewModel.swift in Sources */,
				321D26F32098C53F0089B2E0 /* LearnListViewModel.swift in Sources */,
				32BC1C9720B2FADD008B9CFD /* OnboardingPresenter.swift in Sources */,
				32D345BC207CD705003CFC7B /* NetworkRequestHandler.swift in Sources */,
				321D26E22098C4380089B2E0 /* LoginViewController.swift in Sources */,
			);
			runOnlyForDeploymentPostprocessing = 0;
		};
/* End PBXSourcesBuildPhase section */

/* Begin PBXVariantGroup section */
		32D3459B207CD1B9003CFC7B /* LaunchScreen.storyboard */ = {
			isa = PBXVariantGroup;
			children = (
				32D3459C207CD1B9003CFC7B /* Base */,
			);
			name = LaunchScreen.storyboard;
			sourceTree = "<group>";
		};
/* End PBXVariantGroup section */

/* Begin XCBuildConfiguration section */
		32D3459F207CD1B9003CFC7B /* Debug */ = {
			isa = XCBuildConfiguration;
			buildSettings = {
				ALWAYS_SEARCH_USER_PATHS = NO;
				CLANG_ANALYZER_NONNULL = YES;
				CLANG_ANALYZER_NUMBER_OBJECT_CONVERSION = YES_AGGRESSIVE;
				CLANG_CXX_LANGUAGE_STANDARD = "gnu++14";
				CLANG_CXX_LIBRARY = "libc++";
				CLANG_ENABLE_MODULES = YES;
				CLANG_ENABLE_OBJC_ARC = YES;
				CLANG_WARN_BLOCK_CAPTURE_AUTORELEASING = YES;
				CLANG_WARN_BOOL_CONVERSION = YES;
				CLANG_WARN_COMMA = YES;
				CLANG_WARN_CONSTANT_CONVERSION = YES;
				CLANG_WARN_DIRECT_OBJC_ISA_USAGE = YES_ERROR;
				CLANG_WARN_DOCUMENTATION_COMMENTS = YES;
				CLANG_WARN_EMPTY_BODY = YES;
				CLANG_WARN_ENUM_CONVERSION = YES;
				CLANG_WARN_INFINITE_RECURSION = YES;
				CLANG_WARN_INT_CONVERSION = YES;
				CLANG_WARN_NON_LITERAL_NULL_CONVERSION = YES;
				CLANG_WARN_OBJC_LITERAL_CONVERSION = YES;
				CLANG_WARN_OBJC_ROOT_CLASS = YES_ERROR;
				CLANG_WARN_RANGE_LOOP_ANALYSIS = YES;
				CLANG_WARN_STRICT_PROTOTYPES = YES;
				CLANG_WARN_SUSPICIOUS_MOVE = YES;
				CLANG_WARN_UNGUARDED_AVAILABILITY = YES_AGGRESSIVE;
				CLANG_WARN_UNREACHABLE_CODE = YES;
				CLANG_WARN__DUPLICATE_METHOD_MATCH = YES;
				CODE_SIGN_IDENTITY = "iPhone Developer";
				COPY_PHASE_STRIP = NO;
				DEBUG_INFORMATION_FORMAT = dwarf;
				ENABLE_STRICT_OBJC_MSGSEND = YES;
				ENABLE_TESTABILITY = YES;
				GCC_C_LANGUAGE_STANDARD = gnu11;
				GCC_DYNAMIC_NO_PIC = NO;
				GCC_NO_COMMON_BLOCKS = YES;
				GCC_OPTIMIZATION_LEVEL = 0;
				GCC_PREPROCESSOR_DEFINITIONS = (
					"DEBUG=1",
					"$(inherited)",
				);
				GCC_WARN_64_TO_32_BIT_CONVERSION = YES;
				GCC_WARN_ABOUT_RETURN_TYPE = YES_ERROR;
				GCC_WARN_UNDECLARED_SELECTOR = YES;
				GCC_WARN_UNINITIALIZED_AUTOS = YES_AGGRESSIVE;
				GCC_WARN_UNUSED_FUNCTION = YES;
				GCC_WARN_UNUSED_VARIABLE = YES;
				IPHONEOS_DEPLOYMENT_TARGET = 11.2;
				MTL_ENABLE_DEBUG_INFO = YES;
				ONLY_ACTIVE_ARCH = YES;
				SDKROOT = iphoneos;
				SWIFT_ACTIVE_COMPILATION_CONDITIONS = DEBUG;
				SWIFT_OPTIMIZATION_LEVEL = "-Onone";
			};
			name = Debug;
		};
		32D345A0207CD1B9003CFC7B /* Release */ = {
			isa = XCBuildConfiguration;
			buildSettings = {
				ALWAYS_SEARCH_USER_PATHS = NO;
				CLANG_ANALYZER_NONNULL = YES;
				CLANG_ANALYZER_NUMBER_OBJECT_CONVERSION = YES_AGGRESSIVE;
				CLANG_CXX_LANGUAGE_STANDARD = "gnu++14";
				CLANG_CXX_LIBRARY = "libc++";
				CLANG_ENABLE_MODULES = YES;
				CLANG_ENABLE_OBJC_ARC = YES;
				CLANG_WARN_BLOCK_CAPTURE_AUTORELEASING = YES;
				CLANG_WARN_BOOL_CONVERSION = YES;
				CLANG_WARN_COMMA = YES;
				CLANG_WARN_CONSTANT_CONVERSION = YES;
				CLANG_WARN_DIRECT_OBJC_ISA_USAGE = YES_ERROR;
				CLANG_WARN_DOCUMENTATION_COMMENTS = YES;
				CLANG_WARN_EMPTY_BODY = YES;
				CLANG_WARN_ENUM_CONVERSION = YES;
				CLANG_WARN_INFINITE_RECURSION = YES;
				CLANG_WARN_INT_CONVERSION = YES;
				CLANG_WARN_NON_LITERAL_NULL_CONVERSION = YES;
				CLANG_WARN_OBJC_LITERAL_CONVERSION = YES;
				CLANG_WARN_OBJC_ROOT_CLASS = YES_ERROR;
				CLANG_WARN_RANGE_LOOP_ANALYSIS = YES;
				CLANG_WARN_STRICT_PROTOTYPES = YES;
				CLANG_WARN_SUSPICIOUS_MOVE = YES;
				CLANG_WARN_UNGUARDED_AVAILABILITY = YES_AGGRESSIVE;
				CLANG_WARN_UNREACHABLE_CODE = YES;
				CLANG_WARN__DUPLICATE_METHOD_MATCH = YES;
				CODE_SIGN_IDENTITY = "iPhone Developer";
				COPY_PHASE_STRIP = NO;
				DEBUG_INFORMATION_FORMAT = "dwarf-with-dsym";
				ENABLE_NS_ASSERTIONS = NO;
				ENABLE_STRICT_OBJC_MSGSEND = YES;
				GCC_C_LANGUAGE_STANDARD = gnu11;
				GCC_NO_COMMON_BLOCKS = YES;
				GCC_WARN_64_TO_32_BIT_CONVERSION = YES;
				GCC_WARN_ABOUT_RETURN_TYPE = YES_ERROR;
				GCC_WARN_UNDECLARED_SELECTOR = YES;
				GCC_WARN_UNINITIALIZED_AUTOS = YES_AGGRESSIVE;
				GCC_WARN_UNUSED_FUNCTION = YES;
				GCC_WARN_UNUSED_VARIABLE = YES;
				IPHONEOS_DEPLOYMENT_TARGET = 11.2;
				MTL_ENABLE_DEBUG_INFO = NO;
				SDKROOT = iphoneos;
				SWIFT_OPTIMIZATION_LEVEL = "-Owholemodule";
				VALIDATE_PRODUCT = YES;
			};
			name = Release;
		};
		32D345A2207CD1B9003CFC7B /* Debug */ = {
			isa = XCBuildConfiguration;
			baseConfigurationReference = A2984C12BA263CE21A9E5261 /* Pods-Finals.debug.xcconfig */;
			buildSettings = {
				ASSETCATALOG_COMPILER_APPICON_NAME = AppIcon;
				CLANG_ENABLE_MODULES = YES;
				CODE_SIGN_STYLE = Automatic;
				DEVELOPMENT_TEAM = VUF6AAECQH;
				INFOPLIST_FILE = Finals/Info.plist;
				IPHONEOS_DEPLOYMENT_TARGET = 10.0;
				LD_RUNPATH_SEARCH_PATHS = "$(inherited) @executable_path/Frameworks";
				PRODUCT_BUNDLE_IDENTIFIER = com.tamara.Finals;
				PRODUCT_NAME = "$(TARGET_NAME)";
				SWIFT_OBJC_BRIDGING_HEADER = "Finals/Resources/TPKeyboardAvoiding/Finals-Bridging-Header.h";
				SWIFT_OPTIMIZATION_LEVEL = "-Onone";
				SWIFT_VERSION = 4.0;
				TARGETED_DEVICE_FAMILY = "1,2";
			};
			name = Debug;
		};
		32D345A3207CD1B9003CFC7B /* Release */ = {
			isa = XCBuildConfiguration;
			baseConfigurationReference = 45A7A415B60F798BD152991E /* Pods-Finals.release.xcconfig */;
			buildSettings = {
				ASSETCATALOG_COMPILER_APPICON_NAME = AppIcon;
				CLANG_ENABLE_MODULES = YES;
				CODE_SIGN_STYLE = Automatic;
				DEVELOPMENT_TEAM = VUF6AAECQH;
				INFOPLIST_FILE = Finals/Info.plist;
				IPHONEOS_DEPLOYMENT_TARGET = 10.0;
				LD_RUNPATH_SEARCH_PATHS = "$(inherited) @executable_path/Frameworks";
				PRODUCT_BUNDLE_IDENTIFIER = com.tamara.Finals;
				PRODUCT_NAME = "$(TARGET_NAME)";
				SWIFT_OBJC_BRIDGING_HEADER = "Finals/Resources/TPKeyboardAvoiding/Finals-Bridging-Header.h";
				SWIFT_VERSION = 4.0;
				TARGETED_DEVICE_FAMILY = "1,2";
			};
			name = Release;
		};
/* End XCBuildConfiguration section */

/* Begin XCConfigurationList section */
		32D3458A207CD1B8003CFC7B /* Build configuration list for PBXProject "Finals" */ = {
			isa = XCConfigurationList;
			buildConfigurations = (
				32D3459F207CD1B9003CFC7B /* Debug */,
				32D345A0207CD1B9003CFC7B /* Release */,
			);
			defaultConfigurationIsVisible = 0;
			defaultConfigurationName = Release;
		};
		32D345A1207CD1B9003CFC7B /* Build configuration list for PBXNativeTarget "Finals" */ = {
			isa = XCConfigurationList;
			buildConfigurations = (
				32D345A2207CD1B9003CFC7B /* Debug */,
				32D345A3207CD1B9003CFC7B /* Release */,
			);
			defaultConfigurationIsVisible = 0;
			defaultConfigurationName = Release;
		};
/* End XCConfigurationList section */
	};
	rootObject = 32D34587207CD1B8003CFC7B /* Project object */;
}
