// !$*UTF8*$!
{
	archiveVersion = 1;
	classes = {
	};
	objectVersion = 48;
	objects = {

/* Begin PBXBuildFile section */
		321D26E02098C42B0089B2E0 /* LoginViewModel.swift in Sources */ = {isa = PBXBuildFile; fileRef = 321D26DF2098C42B0089B2E0 /* LoginViewModel.swift */; };
		321D26E22098C4380089B2E0 /* LoginViewController.swift in Sources */ = {isa = PBXBuildFile; fileRef = 321D26E12098C4380089B2E0 /* LoginViewController.swift */; };
		321D26E42098C4440089B2E0 /* LoginPresenter.swift in Sources */ = {isa = PBXBuildFile; fileRef = 321D26E32098C4440089B2E0 /* LoginPresenter.swift */; };
		321D26EA2098C4D00089B2E0 /* MainViewModel.swift in Sources */ = {isa = PBXBuildFile; fileRef = 321D26E92098C4D00089B2E0 /* MainViewModel.swift */; };
		321D26EC2098C4DD0089B2E0 /* MainViewController.swift in Sources */ = {isa = PBXBuildFile; fileRef = 321D26EB2098C4DD0089B2E0 /* MainViewController.swift */; };
		321D26EE2098C4E80089B2E0 /* MainPresenter.swift in Sources */ = {isa = PBXBuildFile; fileRef = 321D26ED2098C4E80089B2E0 /* MainPresenter.swift */; };
		321D26F32098C53F0089B2E0 /* LearnListViewModel.swift in Sources */ = {isa = PBXBuildFile; fileRef = 321D26F22098C53F0089B2E0 /* LearnListViewModel.swift */; };
		321D26F52098C54C0089B2E0 /* LearnListViewController.swift in Sources */ = {isa = PBXBuildFile; fileRef = 321D26F42098C54C0089B2E0 /* LearnListViewController.swift */; };
		321D26F72098C5570089B2E0 /* LearnListPresenter.swift in Sources */ = {isa = PBXBuildFile; fileRef = 321D26F62098C5570089B2E0 /* LearnListPresenter.swift */; };
		321D26F92098C5700089B2E0 /* LearnSingleViewModel.swift in Sources */ = {isa = PBXBuildFile; fileRef = 321D26F82098C5700089B2E0 /* LearnSingleViewModel.swift */; };
		321D26FB2098C57D0089B2E0 /* LearnSingleViewController.swift in Sources */ = {isa = PBXBuildFile; fileRef = 321D26FA2098C57D0089B2E0 /* LearnSingleViewController.swift */; };
		321D26FD2098C5960089B2E0 /* LearnSinglePresenter.swift in Sources */ = {isa = PBXBuildFile; fileRef = 321D26FC2098C5960089B2E0 /* LearnSinglePresenter.swift */; };
		321D26FF2098C6430089B2E0 /* Main.storyboard in Resources */ = {isa = PBXBuildFile; fileRef = 321D26FE2098C6430089B2E0 /* Main.storyboard */; };
		32812193207CF1CC00FF4A23 /* AlamofireNetworking.swift in Sources */ = {isa = PBXBuildFile; fileRef = 32812192207CF1CC00FF4A23 /* AlamofireNetworking.swift */; };
		329F002520AB36390018466D /* TPKeyboardAvoidingScrollView.m in Sources */ = {isa = PBXBuildFile; fileRef = 329F002420AB36380018466D /* TPKeyboardAvoidingScrollView.m */; };
		329F002820AB391D0018466D /* UIScrollView+TPKeyboardAvoidingAdditions.m in Sources */ = {isa = PBXBuildFile; fileRef = 329F002720AB391D0018466D /* UIScrollView+TPKeyboardAvoidingAdditions.m */; };
		32D34593207CD1B8003CFC7B /* AppDelegate.swift in Sources */ = {isa = PBXBuildFile; fileRef = 32D34592207CD1B8003CFC7B /* AppDelegate.swift */; };
		32D3459A207CD1B8003CFC7B /* Assets.xcassets in Resources */ = {isa = PBXBuildFile; fileRef = 32D34599207CD1B8003CFC7B /* Assets.xcassets */; };
		32D3459D207CD1B9003CFC7B /* LaunchScreen.storyboard in Resources */ = {isa = PBXBuildFile; fileRef = 32D3459B207CD1B9003CFC7B /* LaunchScreen.storyboard */; };
		32D345A8207CD3F9003CFC7B /* BasePresenter.swift in Sources */ = {isa = PBXBuildFile; fileRef = 32D345A5207CD3F8003CFC7B /* BasePresenter.swift */; };
		32D345A9207CD3F9003CFC7B /* BaseViewController.swift in Sources */ = {isa = PBXBuildFile; fileRef = 32D345A6207CD3F8003CFC7B /* BaseViewController.swift */; };
		32D345AA207CD3F9003CFC7B /* BaseViewModel.swift in Sources */ = {isa = PBXBuildFile; fileRef = 32D345A7207CD3F8003CFC7B /* BaseViewModel.swift */; };
		32D345B8207CD55B003CFC7B /* NavigationService.swift in Sources */ = {isa = PBXBuildFile; fileRef = 32D345B7207CD55B003CFC7B /* NavigationService.swift */; };
		32D345BA207CD563003CFC7B /* RequestError.swift in Sources */ = {isa = PBXBuildFile; fileRef = 32D345B9207CD563003CFC7B /* RequestError.swift */; };
		32D345BC207CD705003CFC7B /* NetworkRequestHandler.swift in Sources */ = {isa = PBXBuildFile; fileRef = 32D345BB207CD705003CFC7B /* NetworkRequestHandler.swift */; };
		32EC491A208E3BE300F89BB2 /* RootNavigationController.swift in Sources */ = {isa = PBXBuildFile; fileRef = 32EC4919208E3BE300F89BB2 /* RootNavigationController.swift */; };
		32FFAB8220AC7A1100A5D9CB /* LoginTextField.swift in Sources */ = {isa = PBXBuildFile; fileRef = 32FFAB8120AC7A1100A5D9CB /* LoginTextField.swift */; };
		32FFAB8520AC810600A5D9CB /* GeneralExstension.swift in Sources */ = {isa = PBXBuildFile; fileRef = 32FFAB8420AC810600A5D9CB /* GeneralExstension.swift */; };
		9BF3D7D12FBADCCA2F6B6153 /* Pods_Finals.framework in Frameworks */ = {isa = PBXBuildFile; fileRef = 6B2FEA4C594DDA4E012331D5 /* Pods_Finals.framework */; };
/* End PBXBuildFile section */

/* Begin PBXFileReference section */
		321D26DF2098C42B0089B2E0 /* LoginViewModel.swift */ = {isa = PBXFileReference; lastKnownFileType = sourcecode.swift; path = LoginViewModel.swift; sourceTree = "<group>"; };
		321D26E12098C4380089B2E0 /* LoginViewController.swift */ = {isa = PBXFileReference; lastKnownFileType = sourcecode.swift; path = LoginViewController.swift; sourceTree = "<group>"; };
		321D26E32098C4440089B2E0 /* LoginPresenter.swift */ = {isa = PBXFileReference; lastKnownFileType = sourcecode.swift; path = LoginPresenter.swift; sourceTree = "<group>"; };
		321D26E92098C4D00089B2E0 /* MainViewModel.swift */ = {isa = PBXFileReference; lastKnownFileType = sourcecode.swift; path = MainViewModel.swift; sourceTree = "<group>"; };
		321D26EB2098C4DD0089B2E0 /* MainViewController.swift */ = {isa = PBXFileReference; lastKnownFileType = sourcecode.swift; path = MainViewController.swift; sourceTree = "<group>"; };
		321D26ED2098C4E80089B2E0 /* MainPresenter.swift */ = {isa = PBXFileReference; lastKnownFileType = sourcecode.swift; path = MainPresenter.swift; sourceTree = "<group>"; };
		321D26F22098C53F0089B2E0 /* LearnListViewModel.swift */ = {isa = PBXFileReference; lastKnownFileType = sourcecode.swift; path = LearnListViewModel.swift; sourceTree = "<group>"; };
		321D26F42098C54C0089B2E0 /* LearnListViewController.swift */ = {isa = PBXFileReference; lastKnownFileType = sourcecode.swift; path = LearnListViewController.swift; sourceTree = "<group>"; };
		321D26F62098C5570089B2E0 /* LearnListPresenter.swift */ = {isa = PBXFileReference; lastKnownFileType = sourcecode.swift; path = LearnListPresenter.swift; sourceTree = "<group>"; };
		321D26F82098C5700089B2E0 /* LearnSingleViewModel.swift */ = {isa = PBXFileReference; lastKnownFileType = sourcecode.swift; path = LearnSingleViewModel.swift; sourceTree = "<group>"; };
		321D26FA2098C57D0089B2E0 /* LearnSingleViewController.swift */ = {isa = PBXFileReference; lastKnownFileType = sourcecode.swift; path = LearnSingleViewController.swift; sourceTree = "<group>"; };
		321D26FC2098C5960089B2E0 /* LearnSinglePresenter.swift */ = {isa = PBXFileReference; lastKnownFileType = sourcecode.swift; path = LearnSinglePresenter.swift; sourceTree = "<group>"; };
		321D26FE2098C6430089B2E0 /* Main.storyboard */ = {isa = PBXFileReference; lastKnownFileType = file.storyboard; path = Main.storyboard; sourceTree = "<group>"; };
		32812192207CF1CC00FF4A23 /* AlamofireNetworking.swift */ = {isa = PBXFileReference; fileEncoding = 4; lastKnownFileType = sourcecode.swift; path = AlamofireNetworking.swift; sourceTree = "<group>"; };
		329F002220AB362F0018466D /* TPKeyboardAvoidingScrollView.h */ = {isa = PBXFileReference; fileEncoding = 4; lastKnownFileType = sourcecode.c.h; path = TPKeyboardAvoidingScrollView.h; sourceTree = "<group>"; };
		329F002320AB36380018466D /* Finals-Bridging-Header.h */ = {isa = PBXFileReference; lastKnownFileType = sourcecode.c.h; path = "Finals-Bridging-Header.h"; sourceTree = "<group>"; };
		329F002420AB36380018466D /* TPKeyboardAvoidingScrollView.m */ = {isa = PBXFileReference; fileEncoding = 4; lastKnownFileType = sourcecode.c.objc; path = TPKeyboardAvoidingScrollView.m; sourceTree = "<group>"; };
		329F002620AB38EE0018466D /* UIScrollView+TPKeyboardAvoidingAdditions.h */ = {isa = PBXFileReference; fileEncoding = 4; lastKnownFileType = sourcecode.c.h; path = "UIScrollView+TPKeyboardAvoidingAdditions.h"; sourceTree = "<group>"; };
		329F002720AB391D0018466D /* UIScrollView+TPKeyboardAvoidingAdditions.m */ = {isa = PBXFileReference; fileEncoding = 4; lastKnownFileType = sourcecode.c.objc; path = "UIScrollView+TPKeyboardAvoidingAdditions.m"; sourceTree = "<group>"; };
		32D3458F207CD1B8003CFC7B /* Finals.app */ = {isa = PBXFileReference; explicitFileType = wrapper.application; includeInIndex = 0; path = Finals.app; sourceTree = BUILT_PRODUCTS_DIR; };
		32D34592207CD1B8003CFC7B /* AppDelegate.swift */ = {isa = PBXFileReference; lastKnownFileType = sourcecode.swift; path = AppDelegate.swift; sourceTree = "<group>"; };
		32D34599207CD1B8003CFC7B /* Assets.xcassets */ = {isa = PBXFileReference; lastKnownFileType = folder.assetcatalog; path = Assets.xcassets; sourceTree = "<group>"; };
		32D3459C207CD1B9003CFC7B /* Base */ = {isa = PBXFileReference; lastKnownFileType = file.storyboard; name = Base; path = Base.lproj/LaunchScreen.storyboard; sourceTree = "<group>"; };
		32D3459E207CD1B9003CFC7B /* Info.plist */ = {isa = PBXFileReference; lastKnownFileType = text.plist.xml; path = Info.plist; sourceTree = "<group>"; };
		32D345A5207CD3F8003CFC7B /* BasePresenter.swift */ = {isa = PBXFileReference; fileEncoding = 4; lastKnownFileType = sourcecode.swift; path = BasePresenter.swift; sourceTree = "<group>"; };
		32D345A6207CD3F8003CFC7B /* BaseViewController.swift */ = {isa = PBXFileReference; fileEncoding = 4; lastKnownFileType = sourcecode.swift; path = BaseViewController.swift; sourceTree = "<group>"; };
		32D345A7207CD3F8003CFC7B /* BaseViewModel.swift */ = {isa = PBXFileReference; fileEncoding = 4; lastKnownFileType = sourcecode.swift; path = BaseViewModel.swift; sourceTree = "<group>"; };
		32D345B7207CD55B003CFC7B /* NavigationService.swift */ = {isa = PBXFileReference; fileEncoding = 4; lastKnownFileType = sourcecode.swift; path = NavigationService.swift; sourceTree = "<group>"; };
		32D345B9207CD563003CFC7B /* RequestError.swift */ = {isa = PBXFileReference; fileEncoding = 4; lastKnownFileType = sourcecode.swift; path = RequestError.swift; sourceTree = "<group>"; };
		32D345BB207CD705003CFC7B /* NetworkRequestHandler.swift */ = {isa = PBXFileReference; lastKnownFileType = sourcecode.swift; path = NetworkRequestHandler.swift; sourceTree = "<group>"; };
		32EC4919208E3BE300F89BB2 /* RootNavigationController.swift */ = {isa = PBXFileReference; lastKnownFileType = sourcecode.swift; path = RootNavigationController.swift; sourceTree = "<group>"; };
		32FFAB8120AC7A1100A5D9CB /* LoginTextField.swift */ = {isa = PBXFileReference; lastKnownFileType = sourcecode.swift; path = LoginTextField.swift; sourceTree = "<group>"; };
		32FFAB8420AC810600A5D9CB /* GeneralExstension.swift */ = {isa = PBXFileReference; lastKnownFileType = sourcecode.swift; path = GeneralExstension.swift; sourceTree = "<group>"; };
		45A7A415B60F798BD152991E /* Pods-Finals.release.xcconfig */ = {isa = PBXFileReference; includeInIndex = 1; lastKnownFileType = text.xcconfig; name = "Pods-Finals.release.xcconfig"; path = "Pods/Target Support Files/Pods-Finals/Pods-Finals.release.xcconfig"; sourceTree = "<group>"; };
		6B2FEA4C594DDA4E012331D5 /* Pods_Finals.framework */ = {isa = PBXFileReference; explicitFileType = wrapper.framework; includeInIndex = 0; path = Pods_Finals.framework; sourceTree = BUILT_PRODUCTS_DIR; };
		A2984C12BA263CE21A9E5261 /* Pods-Finals.debug.xcconfig */ = {isa = PBXFileReference; includeInIndex = 1; lastKnownFileType = text.xcconfig; name = "Pods-Finals.debug.xcconfig"; path = "Pods/Target Support Files/Pods-Finals/Pods-Finals.debug.xcconfig"; sourceTree = "<group>"; };
/* End PBXFileReference section */

/* Begin PBXFrameworksBuildPhase section */
		32D3458C207CD1B8003CFC7B /* Frameworks */ = {
			isa = PBXFrameworksBuildPhase;
			buildActionMask = 2147483647;
			files = (
				9BF3D7D12FBADCCA2F6B6153 /* Pods_Finals.framework in Frameworks */,
			);
			runOnlyForDeploymentPostprocessing = 0;
		};
/* End PBXFrameworksBuildPhase section */

/* Begin PBXGroup section */
		321D26DE2098C3ED0089B2E0 /* LoginScreen */ = {
			isa = PBXGroup;
			children = (
				321D26DF2098C42B0089B2E0 /* LoginViewModel.swift */,
				321D26E12098C4380089B2E0 /* LoginViewController.swift */,
				321D26E32098C4440089B2E0 /* LoginPresenter.swift */,
				32FFAB8020AC79FF00A5D9CB /* Views */,
			);
			path = LoginScreen;
			sourceTree = "<group>";
		};
		321D26E82098C4BE0089B2E0 /* MainScreen */ = {
			isa = PBXGroup;
			children = (
				321D26E92098C4D00089B2E0 /* MainViewModel.swift */,
				321D26EB2098C4DD0089B2E0 /* MainViewController.swift */,
				321D26ED2098C4E80089B2E0 /* MainPresenter.swift */,
			);
			path = MainScreen;
			sourceTree = "<group>";
		};
		321D26EF2098C4F40089B2E0 /* LearnScreen */ = {
			isa = PBXGroup;
			children = (
				321D26F02098C5260089B2E0 /* List */,
				321D26F12098C52D0089B2E0 /* Single */,
			);
			path = LearnScreen;
			sourceTree = "<group>";
		};
		321D26F02098C5260089B2E0 /* List */ = {
			isa = PBXGroup;
			children = (
				321D26F22098C53F0089B2E0 /* LearnListViewModel.swift */,
				321D26F42098C54C0089B2E0 /* LearnListViewController.swift */,
				321D26F62098C5570089B2E0 /* LearnListPresenter.swift */,
			);
			path = List;
			sourceTree = "<group>";
		};
		321D26F12098C52D0089B2E0 /* Single */ = {
			isa = PBXGroup;
			children = (
				321D26F82098C5700089B2E0 /* LearnSingleViewModel.swift */,
				321D26FA2098C57D0089B2E0 /* LearnSingleViewController.swift */,
				321D26FC2098C5960089B2E0 /* LearnSinglePresenter.swift */,
			);
			path = Single;
			sourceTree = "<group>";
		};
		3247F15120A97A28000791F4 /* Resources */ = {
			isa = PBXGroup;
			children = (
				3247F15220A97A40000791F4 /* TPKeyboardAvoiding */,
			);
			path = Resources;
			sourceTree = "<group>";
		};
		3247F15220A97A40000791F4 /* TPKeyboardAvoiding */ = {
			isa = PBXGroup;
			children = (
				329F002220AB362F0018466D /* TPKeyboardAvoidingScrollView.h */,
				329F002420AB36380018466D /* TPKeyboardAvoidingScrollView.m */,
				329F002320AB36380018466D /* Finals-Bridging-Header.h */,
				329F002620AB38EE0018466D /* UIScrollView+TPKeyboardAvoidingAdditions.h */,
				329F002720AB391D0018466D /* UIScrollView+TPKeyboardAvoidingAdditions.m */,
			);
			path = TPKeyboardAvoiding;
			sourceTree = "<group>";
		};
		32D34586207CD1B8003CFC7B = {
			isa = PBXGroup;
			children = (
				32D34591207CD1B8003CFC7B /* Finals */,
				321D26DE2098C3ED0089B2E0 /* LoginScreen */,
				321D26E82098C4BE0089B2E0 /* MainScreen */,
				321D26EF2098C4F40089B2E0 /* LearnScreen */,
				321D26FE2098C6430089B2E0 /* Main.storyboard */,
				32D34590207CD1B8003CFC7B /* Products */,
				DC497779F9C16AF8B4943CB7 /* Pods */,
				F0206C156A86C51F4AB74DA4 /* Frameworks */,
			);
			sourceTree = "<group>";
		};
		32D34590207CD1B8003CFC7B /* Products */ = {
			isa = PBXGroup;
			children = (
				32D3458F207CD1B8003CFC7B /* Finals.app */,
			);
			name = Products;
			sourceTree = "<group>";
		};
		32D34591207CD1B8003CFC7B /* Finals */ = {
			isa = PBXGroup;
			children = (
				32FFAB8320AC80F500A5D9CB /* Extensions */,
				3247F15120A97A28000791F4 /* Resources */,
				32D345AD207CD463003CFC7B /* DatabaseManagment */,
				32D345AC207CD45D003CFC7B /* Services */,
				32D345AB207CD453003CFC7B /* Networking */,
				32D345A4207CD3E0003CFC7B /* BaseClasses */,
				32EC4918208E3BCA00F89BB2 /* TopContollers */,
				32D34592207CD1B8003CFC7B /* AppDelegate.swift */,
				32D34599207CD1B8003CFC7B /* Assets.xcassets */,
				32D3459B207CD1B9003CFC7B /* LaunchScreen.storyboard */,
				32D3459E207CD1B9003CFC7B /* Info.plist */,
			);
			path = Finals;
			sourceTree = "<group>";
		};
		32D345A4207CD3E0003CFC7B /* BaseClasses */ = {
			isa = PBXGroup;
			children = (
				32D345A7207CD3F8003CFC7B /* BaseViewModel.swift */,
				32D345A6207CD3F8003CFC7B /* BaseViewController.swift */,
				32D345A5207CD3F8003CFC7B /* BasePresenter.swift */,
			);
			path = BaseClasses;
			sourceTree = "<group>";
		};
		32D345AB207CD453003CFC7B /* Networking */ = {
			isa = PBXGroup;
			children = (
				32812192207CF1CC00FF4A23 /* AlamofireNetworking.swift */,
				32D345B4207CD4A6003CFC7B /* NetworkModels */,
				32D345BB207CD705003CFC7B /* NetworkRequestHandler.swift */,
			);
			path = Networking;
			sourceTree = "<group>";
		};
		32D345AC207CD45D003CFC7B /* Services */ = {
			isa = PBXGroup;
			children = (
				32D345B7207CD55B003CFC7B /* NavigationService.swift */,
			);
			path = Services;
			sourceTree = "<group>";
		};
		32D345AD207CD463003CFC7B /* DatabaseManagment */ = {
			isa = PBXGroup;
			children = (
			);
			path = DatabaseManagment;
			sourceTree = "<group>";
		};
		32D345B4207CD4A6003CFC7B /* NetworkModels */ = {
			isa = PBXGroup;
			children = (
				32D345B9207CD563003CFC7B /* RequestError.swift */,
			);
			path = NetworkModels;
			sourceTree = "<group>";
		};
		32EC4918208E3BCA00F89BB2 /* TopContollers */ = {
			isa = PBXGroup;
			children = (
				32EC4919208E3BE300F89BB2 /* RootNavigationController.swift */,
			);
			path = TopContollers;
			sourceTree = "<group>";
		};
		32FFAB8020AC79FF00A5D9CB /* Views */ = {
			isa = PBXGroup;
			children = (
				32FFAB8120AC7A1100A5D9CB /* LoginTextField.swift */,
			);
			path = Views;
			sourceTree = "<group>";
		};
		32FFAB8320AC80F500A5D9CB /* Extensions */ = {
			isa = PBXGroup;
			children = (
				32FFAB8420AC810600A5D9CB /* GeneralExstension.swift */,
			);
			path = Extensions;
			sourceTree = "<group>";
		};
		DC497779F9C16AF8B4943CB7 /* Pods */ = {
			isa = PBXGroup;
			children = (
				A2984C12BA263CE21A9E5261 /* Pods-Finals.debug.xcconfig */,
				45A7A415B60F798BD152991E /* Pods-Finals.release.xcconfig */,
			);
			name = Pods;
			sourceTree = "<group>";
		};
		F0206C156A86C51F4AB74DA4 /* Frameworks */ = {
			isa = PBXGroup;
			children = (
				6B2FEA4C594DDA4E012331D5 /* Pods_Finals.framework */,
			);
			name = Frameworks;
			sourceTree = "<group>";
		};
/* End PBXGroup section */

/* Begin PBXNativeTarget section */
		32D3458E207CD1B8003CFC7B /* Finals */ = {
			isa = PBXNativeTarget;
			buildConfigurationList = 32D345A1207CD1B9003CFC7B /* Build configuration list for PBXNativeTarget "Finals" */;
			buildPhases = (
				C391797C3126D18872CEF057 /* [CP] Check Pods Manifest.lock */,
				32D3458B207CD1B8003CFC7B /* Sources */,
				32D3458C207CD1B8003CFC7B /* Frameworks */,
				32D3458D207CD1B8003CFC7B /* Resources */,
				BFAE869883E0170D5C47AFC0 /* [CP] Embed Pods Frameworks */,
				7497A34023C0B4ABE0BF3C34 /* [CP] Copy Pods Resources */,
			);
			buildRules = (
			);
			dependencies = (
			);
			name = Finals;
			productName = Finals;
			productReference = 32D3458F207CD1B8003CFC7B /* Finals.app */;
			productType = "com.apple.product-type.application";
		};
/* End PBXNativeTarget section */

/* Begin PBXProject section */
		32D34587207CD1B8003CFC7B /* Project object */ = {
			isa = PBXProject;
			attributes = {
				LastSwiftUpdateCheck = 0920;
				LastUpgradeCheck = 0920;
				ORGANIZATIONNAME = tamara;
				TargetAttributes = {
					32D3458E207CD1B8003CFC7B = {
						CreatedOnToolsVersion = 9.2;
						LastSwiftMigration = 0930;
						ProvisioningStyle = Automatic;
					};
				};
			};
			buildConfigurationList = 32D3458A207CD1B8003CFC7B /* Build configuration list for PBXProject "Finals" */;
			compatibilityVersion = "Xcode 8.0";
			developmentRegion = en;
			hasScannedForEncodings = 0;
			knownRegions = (
				en,
				Base,
			);
			mainGroup = 32D34586207CD1B8003CFC7B;
			productRefGroup = 32D34590207CD1B8003CFC7B /* Products */;
			projectDirPath = "";
			projectRoot = "";
			targets = (
				32D3458E207CD1B8003CFC7B /* Finals */,
			);
		};
/* End PBXProject section */

/* Begin PBXResourcesBuildPhase section */
		32D3458D207CD1B8003CFC7B /* Resources */ = {
			isa = PBXResourcesBuildPhase;
			buildActionMask = 2147483647;
			files = (
				321D26FF2098C6430089B2E0 /* Main.storyboard in Resources */,
				32D3459D207CD1B9003CFC7B /* LaunchScreen.storyboard in Resources */,
				32D3459A207CD1B8003CFC7B /* Assets.xcassets in Resources */,
			);
			runOnlyForDeploymentPostprocessing = 0;
		};
/* End PBXResourcesBuildPhase section */

/* Begin PBXShellScriptBuildPhase section */
		7497A34023C0B4ABE0BF3C34 /* [CP] Copy Pods Resources */ = {
			isa = PBXShellScriptBuildPhase;
			buildActionMask = 2147483647;
			files = (
			);
			inputPaths = (
			);
			name = "[CP] Copy Pods Resources";
			outputPaths = (
			);
			runOnlyForDeploymentPostprocessing = 0;
			shellPath = /bin/sh;
			shellScript = "\"${SRCROOT}/Pods/Target Support Files/Pods-Finals/Pods-Finals-resources.sh\"\n";
			showEnvVarsInLog = 0;
		};
		BFAE869883E0170D5C47AFC0 /* [CP] Embed Pods Frameworks */ = {
			isa = PBXShellScriptBuildPhase;
			buildActionMask = 2147483647;
			files = (
			);
			inputPaths = (
				"${SRCROOT}/Pods/Target Support Files/Pods-Finals/Pods-Finals-frameworks.sh",
				"${BUILT_PRODUCTS_DIR}/Alamofire/Alamofire.framework",
				"${BUILT_PRODUCTS_DIR}/Differentiator/Differentiator.framework",
				"${BUILT_PRODUCTS_DIR}/EssentialPod/EssentialPod.framework",
				"${BUILT_PRODUCTS_DIR}/Realm/Realm.framework",
				"${BUILT_PRODUCTS_DIR}/RealmSwift/RealmSwift.framework",
				"${BUILT_PRODUCTS_DIR}/RxAlamofire/RxAlamofire.framework",
				"${BUILT_PRODUCTS_DIR}/RxCocoa/RxCocoa.framework",
				"${BUILT_PRODUCTS_DIR}/RxDataSources/RxDataSources.framework",
				"${BUILT_PRODUCTS_DIR}/RxRealm/RxRealm.framework",
				"${BUILT_PRODUCTS_DIR}/RxSwift/RxSwift.framework",
			);
			name = "[CP] Embed Pods Frameworks";
			outputPaths = (
				"${TARGET_BUILD_DIR}/${FRAMEWORKS_FOLDER_PATH}/Alamofire.framework",
				"${TARGET_BUILD_DIR}/${FRAMEWORKS_FOLDER_PATH}/Differentiator.framework",
				"${TARGET_BUILD_DIR}/${FRAMEWORKS_FOLDER_PATH}/EssentialPod.framework",
				"${TARGET_BUILD_DIR}/${FRAMEWORKS_FOLDER_PATH}/Realm.framework",
				"${TARGET_BUILD_DIR}/${FRAMEWORKS_FOLDER_PATH}/RealmSwift.framework",
				"${TARGET_BUILD_DIR}/${FRAMEWORKS_FOLDER_PATH}/RxAlamofire.framework",
				"${TARGET_BUILD_DIR}/${FRAMEWORKS_FOLDER_PATH}/RxCocoa.framework",
				"${TARGET_BUILD_DIR}/${FRAMEWORKS_FOLDER_PATH}/RxDataSources.framework",
				"${TARGET_BUILD_DIR}/${FRAMEWORKS_FOLDER_PATH}/RxRealm.framework",
				"${TARGET_BUILD_DIR}/${FRAMEWORKS_FOLDER_PATH}/RxSwift.framework",
			);
			runOnlyForDeploymentPostprocessing = 0;
			shellPath = /bin/sh;
			shellScript = "\"${SRCROOT}/Pods/Target Support Files/Pods-Finals/Pods-Finals-frameworks.sh\"\n";
			showEnvVarsInLog = 0;
		};
		C391797C3126D18872CEF057 /* [CP] Check Pods Manifest.lock */ = {
			isa = PBXShellScriptBuildPhase;
			buildActionMask = 2147483647;
			files = (
			);
			inputPaths = (
				"${PODS_PODFILE_DIR_PATH}/Podfile.lock",
				"${PODS_ROOT}/Manifest.lock",
			);
			name = "[CP] Check Pods Manifest.lock";
			outputPaths = (
				"$(DERIVED_FILE_DIR)/Pods-Finals-checkManifestLockResult.txt",
			);
			runOnlyForDeploymentPostprocessing = 0;
			shellPath = /bin/sh;
			shellScript = "diff \"${PODS_PODFILE_DIR_PATH}/Podfile.lock\" \"${PODS_ROOT}/Manifest.lock\" > /dev/null\nif [ $? != 0 ] ; then\n    # print error to STDERR\n    echo \"error: The sandbox is not in sync with the Podfile.lock. Run 'pod install' or update your CocoaPods installation.\" >&2\n    exit 1\nfi\n# This output is used by Xcode 'outputs' to avoid re-running this script phase.\necho \"SUCCESS\" > \"${SCRIPT_OUTPUT_FILE_0}\"\n";
			showEnvVarsInLog = 0;
		};
/* End PBXShellScriptBuildPhase section */

/* Begin PBXSourcesBuildPhase section */
		32D3458B207CD1B8003CFC7B /* Sources */ = {
			isa = PBXSourcesBuildPhase;
			buildActionMask = 2147483647;
			files = (
				321D26E42098C4440089B2E0 /* LoginPresenter.swift in Sources */,
				321D26FB2098C57D0089B2E0 /* LearnSingleViewController.swift in Sources */,
				32D345BA207CD563003CFC7B /* RequestError.swift in Sources */,
				321D26F92098C5700089B2E0 /* LearnSingleViewModel.swift in Sources */,
				32D34593207CD1B8003CFC7B /* AppDelegate.swift in Sources */,
				32EC491A208E3BE300F89BB2 /* RootNavigationController.swift in Sources */,
				329F002820AB391D0018466D /* UIScrollView+TPKeyboardAvoidingAdditions.m in Sources */,
				32D345B8207CD55B003CFC7B /* NavigationService.swift in Sources */,
				321D26EA2098C4D00089B2E0 /* MainViewModel.swift in Sources */,
				32FFAB8220AC7A1100A5D9CB /* LoginTextField.swift in Sources */,
				32D345AA207CD3F9003CFC7B /* BaseViewModel.swift in Sources */,
				321D26EC2098C4DD0089B2E0 /* MainViewController.swift in Sources */,
				321D26F52098C54C0089B2E0 /* LearnListViewController.swift in Sources */,
				32812193207CF1CC00FF4A23 /* AlamofireNetworking.swift in Sources */,
				32D345A8207CD3F9003CFC7B /* BasePresenter.swift in Sources */,
				321D26F72098C5570089B2E0 /* LearnListPresenter.swift in Sources */,
				321D26EE2098C4E80089B2E0 /* MainPresenter.swift in Sources */,
				32D345A9207CD3F9003CFC7B /* BaseViewController.swift in Sources */,
				32FFAB8520AC810600A5D9CB /* GeneralExstension.swift in Sources */,
				321D26FD2098C5960089B2E0 /* LearnSinglePresenter.swift in Sources */,
				329F002520AB36390018466D /* TPKeyboardAvoidingScrollView.m in Sources */,
				321D26E02098C42B0089B2E0 /* LoginViewModel.swift in Sources */,
				321D26F32098C53F0089B2E0 /* LearnListViewModel.swift in Sources */,
				32D345BC207CD705003CFC7B /* NetworkRequestHandler.swift in Sources */,
				321D26E22098C4380089B2E0 /* LoginViewController.swift in Sources */,
			);
			runOnlyForDeploymentPostprocessing = 0;
		};
/* End PBXSourcesBuildPhase section */

/* Begin PBXVariantGroup section */
		32D3459B207CD1B9003CFC7B /* LaunchScreen.storyboard */ = {
			isa = PBXVariantGroup;
			children = (
				32D3459C207CD1B9003CFC7B /* Base */,
			);
			name = LaunchScreen.storyboard;
			sourceTree = "<group>";
		};
/* End PBXVariantGroup section */

/* Begin XCBuildConfiguration section */
		32D3459F207CD1B9003CFC7B /* Debug */ = {
			isa = XCBuildConfiguration;
			buildSettings = {
				ALWAYS_SEARCH_USER_PATHS = NO;
				CLANG_ANALYZER_NONNULL = YES;
				CLANG_ANALYZER_NUMBER_OBJECT_CONVERSION = YES_AGGRESSIVE;
				CLANG_CXX_LANGUAGE_STANDARD = "gnu++14";
				CLANG_CXX_LIBRARY = "libc++";
				CLANG_ENABLE_MODULES = YES;
				CLANG_ENABLE_OBJC_ARC = YES;
				CLANG_WARN_BLOCK_CAPTURE_AUTORELEASING = YES;
				CLANG_WARN_BOOL_CONVERSION = YES;
				CLANG_WARN_COMMA = YES;
				CLANG_WARN_CONSTANT_CONVERSION = YES;
				CLANG_WARN_DIRECT_OBJC_ISA_USAGE = YES_ERROR;
				CLANG_WARN_DOCUMENTATION_COMMENTS = YES;
				CLANG_WARN_EMPTY_BODY = YES;
				CLANG_WARN_ENUM_CONVERSION = YES;
				CLANG_WARN_INFINITE_RECURSION = YES;
				CLANG_WARN_INT_CONVERSION = YES;
				CLANG_WARN_NON_LITERAL_NULL_CONVERSION = YES;
				CLANG_WARN_OBJC_LITERAL_CONVERSION = YES;
				CLANG_WARN_OBJC_ROOT_CLASS = YES_ERROR;
				CLANG_WARN_RANGE_LOOP_ANALYSIS = YES;
				CLANG_WARN_STRICT_PROTOTYPES = YES;
				CLANG_WARN_SUSPICIOUS_MOVE = YES;
				CLANG_WARN_UNGUARDED_AVAILABILITY = YES_AGGRESSIVE;
				CLANG_WARN_UNREACHABLE_CODE = YES;
				CLANG_WARN__DUPLICATE_METHOD_MATCH = YES;
				CODE_SIGN_IDENTITY = "iPhone Developer";
				COPY_PHASE_STRIP = NO;
				DEBUG_INFORMATION_FORMAT = dwarf;
				ENABLE_STRICT_OBJC_MSGSEND = YES;
				ENABLE_TESTABILITY = YES;
				GCC_C_LANGUAGE_STANDARD = gnu11;
				GCC_DYNAMIC_NO_PIC = NO;
				GCC_NO_COMMON_BLOCKS = YES;
				GCC_OPTIMIZATION_LEVEL = 0;
				GCC_PREPROCESSOR_DEFINITIONS = (
					"DEBUG=1",
					"$(inherited)",
				);
				GCC_WARN_64_TO_32_BIT_CONVERSION = YES;
				GCC_WARN_ABOUT_RETURN_TYPE = YES_ERROR;
				GCC_WARN_UNDECLARED_SELECTOR = YES;
				GCC_WARN_UNINITIALIZED_AUTOS = YES_AGGRESSIVE;
				GCC_WARN_UNUSED_FUNCTION = YES;
				GCC_WARN_UNUSED_VARIABLE = YES;
				IPHONEOS_DEPLOYMENT_TARGET = 11.2;
				MTL_ENABLE_DEBUG_INFO = YES;
				ONLY_ACTIVE_ARCH = YES;
				SDKROOT = iphoneos;
				SWIFT_ACTIVE_COMPILATION_CONDITIONS = DEBUG;
				SWIFT_OPTIMIZATION_LEVEL = "-Onone";
			};
			name = Debug;
		};
		32D345A0207CD1B9003CFC7B /* Release */ = {
			isa = XCBuildConfiguration;
			buildSettings = {
				ALWAYS_SEARCH_USER_PATHS = NO;
				CLANG_ANALYZER_NONNULL = YES;
				CLANG_ANALYZER_NUMBER_OBJECT_CONVERSION = YES_AGGRESSIVE;
				CLANG_CXX_LANGUAGE_STANDARD = "gnu++14";
				CLANG_CXX_LIBRARY = "libc++";
				CLANG_ENABLE_MODULES = YES;
				CLANG_ENABLE_OBJC_ARC = YES;
				CLANG_WARN_BLOCK_CAPTURE_AUTORELEASING = YES;
				CLANG_WARN_BOOL_CONVERSION = YES;
				CLANG_WARN_COMMA = YES;
				CLANG_WARN_CONSTANT_CONVERSION = YES;
				CLANG_WARN_DIRECT_OBJC_ISA_USAGE = YES_ERROR;
				CLANG_WARN_DOCUMENTATION_COMMENTS = YES;
				CLANG_WARN_EMPTY_BODY = YES;
				CLANG_WARN_ENUM_CONVERSION = YES;
				CLANG_WARN_INFINITE_RECURSION = YES;
				CLANG_WARN_INT_CONVERSION = YES;
				CLANG_WARN_NON_LITERAL_NULL_CONVERSION = YES;
				CLANG_WARN_OBJC_LITERAL_CONVERSION = YES;
				CLANG_WARN_OBJC_ROOT_CLASS = YES_ERROR;
				CLANG_WARN_RANGE_LOOP_ANALYSIS = YES;
				CLANG_WARN_STRICT_PROTOTYPES = YES;
				CLANG_WARN_SUSPICIOUS_MOVE = YES;
				CLANG_WARN_UNGUARDED_AVAILABILITY = YES_AGGRESSIVE;
				CLANG_WARN_UNREACHABLE_CODE = YES;
				CLANG_WARN__DUPLICATE_METHOD_MATCH = YES;
				CODE_SIGN_IDENTITY = "iPhone Developer";
				COPY_PHASE_STRIP = NO;
				DEBUG_INFORMATION_FORMAT = "dwarf-with-dsym";
				ENABLE_NS_ASSERTIONS = NO;
				ENABLE_STRICT_OBJC_MSGSEND = YES;
				GCC_C_LANGUAGE_STANDARD = gnu11;
				GCC_NO_COMMON_BLOCKS = YES;
				GCC_WARN_64_TO_32_BIT_CONVERSION = YES;
				GCC_WARN_ABOUT_RETURN_TYPE = YES_ERROR;
				GCC_WARN_UNDECLARED_SELECTOR = YES;
				GCC_WARN_UNINITIALIZED_AUTOS = YES_AGGRESSIVE;
				GCC_WARN_UNUSED_FUNCTION = YES;
				GCC_WARN_UNUSED_VARIABLE = YES;
				IPHONEOS_DEPLOYMENT_TARGET = 11.2;
				MTL_ENABLE_DEBUG_INFO = NO;
				SDKROOT = iphoneos;
				SWIFT_OPTIMIZATION_LEVEL = "-Owholemodule";
				VALIDATE_PRODUCT = YES;
			};
			name = Release;
		};
		32D345A2207CD1B9003CFC7B /* Debug */ = {
			isa = XCBuildConfiguration;
			baseConfigurationReference = A2984C12BA263CE21A9E5261 /* Pods-Finals.debug.xcconfig */;
			buildSettings = {
				ASSETCATALOG_COMPILER_APPICON_NAME = AppIcon;
				CLANG_ENABLE_MODULES = YES;
				CODE_SIGN_STYLE = Automatic;
				DEVELOPMENT_TEAM = VUF6AAECQH;
				INFOPLIST_FILE = Finals/Info.plist;
				IPHONEOS_DEPLOYMENT_TARGET = 10.0;
				LD_RUNPATH_SEARCH_PATHS = "$(inherited) @executable_path/Frameworks";
				PRODUCT_BUNDLE_IDENTIFIER = com.tamara.Finals;
				PRODUCT_NAME = "$(TARGET_NAME)";
				SWIFT_OBJC_BRIDGING_HEADER = "Finals/Resources/TPKeyboardAvoiding/Finals-Bridging-Header.h";
				SWIFT_OPTIMIZATION_LEVEL = "-Onone";
				SWIFT_VERSION = 4.0;
				TARGETED_DEVICE_FAMILY = "1,2";
			};
			name = Debug;
		};
		32D345A3207CD1B9003CFC7B /* Release */ = {
			isa = XCBuildConfiguration;
			baseConfigurationReference = 45A7A415B60F798BD152991E /* Pods-Finals.release.xcconfig */;
			buildSettings = {
				ASSETCATALOG_COMPILER_APPICON_NAME = AppIcon;
				CLANG_ENABLE_MODULES = YES;
				CODE_SIGN_STYLE = Automatic;
				DEVELOPMENT_TEAM = VUF6AAECQH;
				INFOPLIST_FILE = Finals/Info.plist;
				IPHONEOS_DEPLOYMENT_TARGET = 10.0;
				LD_RUNPATH_SEARCH_PATHS = "$(inherited) @executable_path/Frameworks";
				PRODUCT_BUNDLE_IDENTIFIER = com.tamara.Finals;
				PRODUCT_NAME = "$(TARGET_NAME)";
				SWIFT_OBJC_BRIDGING_HEADER = "Finals/Resources/TPKeyboardAvoiding/Finals-Bridging-Header.h";
				SWIFT_VERSION = 4.0;
				TARGETED_DEVICE_FAMILY = "1,2";
			};
			name = Release;
		};
/* End XCBuildConfiguration section */

/* Begin XCConfigurationList section */
		32D3458A207CD1B8003CFC7B /* Build configuration list for PBXProject "Finals" */ = {
			isa = XCConfigurationList;
			buildConfigurations = (
				32D3459F207CD1B9003CFC7B /* Debug */,
				32D345A0207CD1B9003CFC7B /* Release */,
			);
			defaultConfigurationIsVisible = 0;
			defaultConfigurationName = Release;
		};
		32D345A1207CD1B9003CFC7B /* Build configuration list for PBXNativeTarget "Finals" */ = {
			isa = XCConfigurationList;
			buildConfigurations = (
				32D345A2207CD1B9003CFC7B /* Debug */,
				32D345A3207CD1B9003CFC7B /* Release */,
			);
			defaultConfigurationIsVisible = 0;
			defaultConfigurationName = Release;
		};
/* End XCConfigurationList section */
	};
	rootObject = 32D34587207CD1B8003CFC7B /* Project object */;
}
